// !$*UTF8*$!
{
	archiveVersion = 1;
	classes = {
	};
	objectVersion = 46;
	objects = {

/* Begin PBXBuildFile section */
		00140EE91EB49BE300992C1B /* SmallDifferenceTests.swift in Sources */ = {isa = PBXBuildFile; fileRef = 00140EE81EB49BE300992C1B /* SmallDifferenceTests.swift */; };
		00140EEB1EB5D8C800992C1B /* MatrixRotation.swift in Sources */ = {isa = PBXBuildFile; fileRef = 00140EEA1EB5D8C800992C1B /* MatrixRotation.swift */; };
		00140EF11EB5E18A00992C1B /* MatrixRotationTests.swift in Sources */ = {isa = PBXBuildFile; fileRef = 00140EF01EB5E18A00992C1B /* MatrixRotationTests.swift */; };
		00140EF31EB617FD00992C1B /* StringRotation.swift in Sources */ = {isa = PBXBuildFile; fileRef = 00140EF21EB617FD00992C1B /* StringRotation.swift */; };
		00140EF51EB61D3D00992C1B /* StringRotationTests.swift in Sources */ = {isa = PBXBuildFile; fileRef = 00140EF41EB61D3D00992C1B /* StringRotationTests.swift */; };
		00140EF81EB62CB700992C1B /* SingleLinkedList.swift in Sources */ = {isa = PBXBuildFile; fileRef = 00140EF71EB62CB700992C1B /* SingleLinkedList.swift */; };
		00140EFD1EB8A53E00992C1B /* IsLinkedListPalindrome.swift in Sources */ = {isa = PBXBuildFile; fileRef = 00140EFC1EB8A53E00992C1B /* IsLinkedListPalindrome.swift */; };
		00140EFF1EB8A98200992C1B /* IsLinkedListPalindromeTests.swift in Sources */ = {isa = PBXBuildFile; fileRef = 00140EFE1EB8A98200992C1B /* IsLinkedListPalindromeTests.swift */; };
		00140F011EBB4D3B00992C1B /* SumNumbersRepresentedByLinkedList.swift in Sources */ = {isa = PBXBuildFile; fileRef = 00140F001EBB4D3B00992C1B /* SumNumbersRepresentedByLinkedList.swift */; };
		0017C9CC1EACF84C00E5E749 /* AreCharactersUniqueTests.swift in Sources */ = {isa = PBXBuildFile; fileRef = 0017C9CB1EACF84C00E5E749 /* AreCharactersUniqueTests.swift */; };
		0017C9CE1EAF04F500E5E749 /* ReplaceSpaces.swift in Sources */ = {isa = PBXBuildFile; fileRef = 0017C9CD1EAF04F500E5E749 /* ReplaceSpaces.swift */; };
		0017C9D01EAF08E900E5E749 /* ReplaceSpacesTests.swift in Sources */ = {isa = PBXBuildFile; fileRef = 0017C9CF1EAF08E900E5E749 /* ReplaceSpacesTests.swift */; };
		0017C9D21EB065C300E5E749 /* IsPermutationOfPalindrome.swift in Sources */ = {isa = PBXBuildFile; fileRef = 0017C9D11EB065C300E5E749 /* IsPermutationOfPalindrome.swift */; };
		0017C9D41EB068AB00E5E749 /* IsPermutationOfPalindromeTests.swift in Sources */ = {isa = PBXBuildFile; fileRef = 0017C9D31EB068AB00E5E749 /* IsPermutationOfPalindromeTests.swift */; };
		0017C9D61EB31B9C00E5E749 /* SmallDifference.swift in Sources */ = {isa = PBXBuildFile; fileRef = 0017C9D51EB31B9C00E5E749 /* SmallDifference.swift */; };
		001989111ECE1E8E001D6214 /* SinglyThreadedBinarySearchTree.swift in Sources */ = {isa = PBXBuildFile; fileRef = 001989101ECE1E8E001D6214 /* SinglyThreadedBinarySearchTree.swift */; };
		001989131ECE30B1001D6214 /* SinglyThreadedBinarySearchTreeTests.swift in Sources */ = {isa = PBXBuildFile; fileRef = 001989121ECE30B1001D6214 /* SinglyThreadedBinarySearchTreeTests.swift */; };
		003DB8871DCD30A600B51FCC /* ArrayBasedHeapTests.swift in Sources */ = {isa = PBXBuildFile; fileRef = 003DB8861DCD30A600B51FCC /* ArrayBasedHeapTests.swift */; };
		003DB8901DCD31CD00B51FCC /* ArrayBasedHeap.swift in Sources */ = {isa = PBXBuildFile; fileRef = 003DB88F1DCD31CD00B51FCC /* ArrayBasedHeap.swift */; };
		003DB8921DCD330800B51FCC /* PriorityQueue.swift in Sources */ = {isa = PBXBuildFile; fileRef = 003DB8911DCD330800B51FCC /* PriorityQueue.swift */; };
		003DB8941DCD3F4800B51FCC /* KeyValuePair.swift in Sources */ = {isa = PBXBuildFile; fileRef = 003DB8931DCD3F4800B51FCC /* KeyValuePair.swift */; };
		00546D691A33981000A043A7 /* main.c in Sources */ = {isa = PBXBuildFile; fileRef = 00546D681A33981000A043A7 /* main.c */; };
		00546D711A3398A600A043A7 /* measurement.c in Sources */ = {isa = PBXBuildFile; fileRef = 00546D6F1A3398A600A043A7 /* measurement.c */; };
		00546D7B1A37A06200A043A7 /* utils.c in Sources */ = {isa = PBXBuildFile; fileRef = 00546D791A37A06200A043A7 /* utils.c */; };
		00546D851A3A3DA300A043A7 /* exchange_sort.c in Sources */ = {isa = PBXBuildFile; fileRef = 00546D811A3A3DA300A043A7 /* exchange_sort.c */; };
		00546D861A3A3DA300A043A7 /* insertion_sort.c in Sources */ = {isa = PBXBuildFile; fileRef = 00546D831A3A3DA300A043A7 /* insertion_sort.c */; };
		0080E9001DD1082800C61751 /* BoundedHeightPriorityQueue.swift in Sources */ = {isa = PBXBuildFile; fileRef = 0080E8FF1DD1082800C61751 /* BoundedHeightPriorityQueue.swift */; };
		0099EB6E1EBC54BD006497B1 /* Queue.swift in Sources */ = {isa = PBXBuildFile; fileRef = 0099EB6D1EBC54BD006497B1 /* Queue.swift */; };
		00AC08571E9EA8BA007B0414 /* FindNumberThatHaveGivenSumOrDiff.swift in Sources */ = {isa = PBXBuildFile; fileRef = 00AC08561E9EA8BA007B0414 /* FindNumberThatHaveGivenSumOrDiff.swift */; };
		00AC085A1E9EB191007B0414 /* FindNumberThatHaveGivenSumTests.swift in Sources */ = {isa = PBXBuildFile; fileRef = 00AC08591E9EB191007B0414 /* FindNumberThatHaveGivenSumTests.swift */; };
		00AC085C1E9F5EAD007B0414 /* Base_DNumberFromDigits.swift in Sources */ = {isa = PBXBuildFile; fileRef = 00AC085B1E9F5EAD007B0414 /* Base_DNumberFromDigits.swift */; };
		00AC085E1E9F5F9C007B0414 /* Base_DNumberFromDigitsTests.swift in Sources */ = {isa = PBXBuildFile; fileRef = 00AC085D1E9F5F9C007B0414 /* Base_DNumberFromDigitsTests.swift */; };
		00AC08601EA0CC3A007B0414 /* RabinKarpAlgorithm.swift in Sources */ = {isa = PBXBuildFile; fileRef = 00AC085F1EA0CC3A007B0414 /* RabinKarpAlgorithm.swift */; };
		00AC08621EA135C0007B0414 /* RabinKarpAlgorithmTests.swift in Sources */ = {isa = PBXBuildFile; fileRef = 00AC08611EA135C0007B0414 /* RabinKarpAlgorithmTests.swift */; };
		00AC0F4E1DD3B8B8003A70FD /* BinarySearchTree.swift in Sources */ = {isa = PBXBuildFile; fileRef = 00AC0F4D1DD3B8B8003A70FD /* BinarySearchTree.swift */; };
		00AC0F501DD3BF97003A70FD /* BinarySearchTreeTests.swift in Sources */ = {isa = PBXBuildFile; fileRef = 00AC0F4F1DD3BF97003A70FD /* BinarySearchTreeTests.swift */; };
		00AECD8C1E9CB745007E8458 /* FindAllPermutations.swift in Sources */ = {isa = PBXBuildFile; fileRef = 00AECD8B1E9CB745007E8458 /* FindAllPermutations.swift */; };
		00AECD901E9E7D7D007E8458 /* FindAllPermutationTests.swift in Sources */ = {isa = PBXBuildFile; fileRef = 00AECD8F1E9E7D7D007E8458 /* FindAllPermutationTests.swift */; };
		00BBA4DE1EA638F600E26C3A /* String+Extensions.swift in Sources */ = {isa = PBXBuildFile; fileRef = 00BBA4DD1EA638F600E26C3A /* String+Extensions.swift */; };
		00BBA4E01EA639DA00E26C3A /* Int+Extensions.swift in Sources */ = {isa = PBXBuildFile; fileRef = 00BBA4DF1EA639DA00E26C3A /* Int+Extensions.swift */; };
		00BBA4E11EA63A1200E26C3A /* BoyerMooreAlgorithm.swift in Sources */ = {isa = PBXBuildFile; fileRef = 00BBA4DB1EA4049200E26C3A /* BoyerMooreAlgorithm.swift */; };
		00BBA4E31EA63CC800E26C3A /* BoyerMooreAlgorithmTests.swift in Sources */ = {isa = PBXBuildFile; fileRef = 00BBA4E21EA63CC800E26C3A /* BoyerMooreAlgorithmTests.swift */; };
		00BBA4E51EACF10800E26C3A /* AreCharactersUnique.swift in Sources */ = {isa = PBXBuildFile; fileRef = 00BBA4E41EACF10800E26C3A /* AreCharactersUnique.swift */; };
		00C299D31EC8CA20000575E7 /* BinarySearchTreeTraversalTests.swift in Sources */ = {isa = PBXBuildFile; fileRef = 00C299D21EC8CA20000575E7 /* BinarySearchTreeTraversalTests.swift */; };
		00C299D71ECA42CA000575E7 /* TreeTraversals.swift in Sources */ = {isa = PBXBuildFile; fileRef = 00C299D61ECA42CA000575E7 /* TreeTraversals.swift */; };
		00C299E11ECCE8EA000575E7 /* BinaryTree.swift in Sources */ = {isa = PBXBuildFile; fileRef = 00C299E01ECCE8EA000575E7 /* BinaryTree.swift */; };
		00C876891E0899F200FA49DB /* BoundedHeightPriorityQueueTests.swift in Sources */ = {isa = PBXBuildFile; fileRef = 00AC0F531DD8FA8C003A70FD /* BoundedHeightPriorityQueueTests.swift */; };
		00E466131EBE5FF9009BFD2C /* SampleProtocolsWithAssociatedTypes.swift in Sources */ = {isa = PBXBuildFile; fileRef = 00E466121EBE5FF9009BFD2C /* SampleProtocolsWithAssociatedTypes.swift */; };
		00E466181EBF4FD5009BFD2C /* Stack.swift in Sources */ = {isa = PBXBuildFile; fileRef = 00E466171EBF4FD5009BFD2C /* Stack.swift */; };
		00E4661C1EBF67BA009BFD2C /* StackBasedOnLinkedList.swift in Sources */ = {isa = PBXBuildFile; fileRef = 00E4661A1EBF5760009BFD2C /* StackBasedOnLinkedList.swift */; };
		00E4661D1EBF6962009BFD2C /* SingleLinkedListTests.swift in Sources */ = {isa = PBXBuildFile; fileRef = 00140EFA1EB6452F00992C1B /* SingleLinkedListTests.swift */; };
		00E466211EBF8A9F009BFD2C /* StackBasedOnLinkedListTests.swift in Sources */ = {isa = PBXBuildFile; fileRef = 00E466201EBF8A9F009BFD2C /* StackBasedOnLinkedListTests.swift */; };
		00E466221EBF8F1B009BFD2C /* MinMaxStack.swift in Sources */ = {isa = PBXBuildFile; fileRef = 00E466151EBF4F94009BFD2C /* MinMaxStack.swift */; };
		00E466241EBF9ED3009BFD2C /* MinMaxStackTests.swift in Sources */ = {isa = PBXBuildFile; fileRef = 00E466231EBF9ED3009BFD2C /* MinMaxStackTests.swift */; };
		00E466281EBFA6A6009BFD2C /* CollectionStack.swift in Sources */ = {isa = PBXBuildFile; fileRef = 00E466271EBFA6A6009BFD2C /* CollectionStack.swift */; };
/* End PBXBuildFile section */

/* Begin PBXCopyFilesBuildPhase section */
		00546D631A33981000A043A7 /* CopyFiles */ = {
			isa = PBXCopyFilesBuildPhase;
			buildActionMask = 2147483647;
			dstPath = /usr/share/man/man1/;
			dstSubfolderSpec = 0;
			files = (
			);
			runOnlyForDeploymentPostprocessing = 1;
		};
/* End PBXCopyFilesBuildPhase section */

/* Begin PBXFileReference section */
		00140EE81EB49BE300992C1B /* SmallDifferenceTests.swift */ = {isa = PBXFileReference; fileEncoding = 4; lastKnownFileType = sourcecode.swift; path = SmallDifferenceTests.swift; sourceTree = "<group>"; };
		00140EEA1EB5D8C800992C1B /* MatrixRotation.swift */ = {isa = PBXFileReference; fileEncoding = 4; lastKnownFileType = sourcecode.swift; path = MatrixRotation.swift; sourceTree = "<group>"; };
		00140EF01EB5E18A00992C1B /* MatrixRotationTests.swift */ = {isa = PBXFileReference; fileEncoding = 4; lastKnownFileType = sourcecode.swift; path = MatrixRotationTests.swift; sourceTree = "<group>"; };
		00140EF21EB617FD00992C1B /* StringRotation.swift */ = {isa = PBXFileReference; fileEncoding = 4; lastKnownFileType = sourcecode.swift; path = StringRotation.swift; sourceTree = "<group>"; };
		00140EF41EB61D3D00992C1B /* StringRotationTests.swift */ = {isa = PBXFileReference; fileEncoding = 4; lastKnownFileType = sourcecode.swift; path = StringRotationTests.swift; sourceTree = "<group>"; };
		00140EF71EB62CB700992C1B /* SingleLinkedList.swift */ = {isa = PBXFileReference; fileEncoding = 4; lastKnownFileType = sourcecode.swift; path = SingleLinkedList.swift; sourceTree = "<group>"; };
		00140EFA1EB6452F00992C1B /* SingleLinkedListTests.swift */ = {isa = PBXFileReference; fileEncoding = 4; lastKnownFileType = sourcecode.swift; path = SingleLinkedListTests.swift; sourceTree = "<group>"; };
		00140EFC1EB8A53E00992C1B /* IsLinkedListPalindrome.swift */ = {isa = PBXFileReference; fileEncoding = 4; lastKnownFileType = sourcecode.swift; name = IsLinkedListPalindrome.swift; path = "../Generic problems/IsLinkedListPalindrome.swift"; sourceTree = "<group>"; };
		00140EFE1EB8A98200992C1B /* IsLinkedListPalindromeTests.swift */ = {isa = PBXFileReference; fileEncoding = 4; lastKnownFileType = sourcecode.swift; path = IsLinkedListPalindromeTests.swift; sourceTree = "<group>"; };
		00140F001EBB4D3B00992C1B /* SumNumbersRepresentedByLinkedList.swift */ = {isa = PBXFileReference; fileEncoding = 4; lastKnownFileType = sourcecode.swift; path = SumNumbersRepresentedByLinkedList.swift; sourceTree = "<group>"; };
		0017C9CB1EACF84C00E5E749 /* AreCharactersUniqueTests.swift */ = {isa = PBXFileReference; fileEncoding = 4; lastKnownFileType = sourcecode.swift; name = AreCharactersUniqueTests.swift; path = "../String-matching/AreCharactersUniqueTests.swift"; sourceTree = "<group>"; };
		0017C9CD1EAF04F500E5E749 /* ReplaceSpaces.swift */ = {isa = PBXFileReference; fileEncoding = 4; lastKnownFileType = sourcecode.swift; path = ReplaceSpaces.swift; sourceTree = "<group>"; };
		0017C9CF1EAF08E900E5E749 /* ReplaceSpacesTests.swift */ = {isa = PBXFileReference; fileEncoding = 4; lastKnownFileType = sourcecode.swift; name = ReplaceSpacesTests.swift; path = "../String-matching/ReplaceSpacesTests.swift"; sourceTree = "<group>"; };
		0017C9D11EB065C300E5E749 /* IsPermutationOfPalindrome.swift */ = {isa = PBXFileReference; fileEncoding = 4; lastKnownFileType = sourcecode.swift; path = IsPermutationOfPalindrome.swift; sourceTree = "<group>"; };
		0017C9D31EB068AB00E5E749 /* IsPermutationOfPalindromeTests.swift */ = {isa = PBXFileReference; fileEncoding = 4; lastKnownFileType = sourcecode.swift; name = IsPermutationOfPalindromeTests.swift; path = "../String-matching/IsPermutationOfPalindromeTests.swift"; sourceTree = "<group>"; };
		0017C9D51EB31B9C00E5E749 /* SmallDifference.swift */ = {isa = PBXFileReference; fileEncoding = 4; lastKnownFileType = sourcecode.swift; path = SmallDifference.swift; sourceTree = "<group>"; };
		001989101ECE1E8E001D6214 /* SinglyThreadedBinarySearchTree.swift */ = {isa = PBXFileReference; fileEncoding = 4; lastKnownFileType = sourcecode.swift; path = SinglyThreadedBinarySearchTree.swift; sourceTree = "<group>"; };
		001989121ECE30B1001D6214 /* SinglyThreadedBinarySearchTreeTests.swift */ = {isa = PBXFileReference; fileEncoding = 4; lastKnownFileType = sourcecode.swift; path = SinglyThreadedBinarySearchTreeTests.swift; sourceTree = "<group>"; };
		003DB8841DCD30A600B51FCC /* UnitTests.xctest */ = {isa = PBXFileReference; explicitFileType = wrapper.cfbundle; includeInIndex = 0; path = UnitTests.xctest; sourceTree = BUILT_PRODUCTS_DIR; };
		003DB8861DCD30A600B51FCC /* ArrayBasedHeapTests.swift */ = {isa = PBXFileReference; lastKnownFileType = sourcecode.swift; path = ArrayBasedHeapTests.swift; sourceTree = "<group>"; };
		003DB8881DCD30A600B51FCC /* Info.plist */ = {isa = PBXFileReference; lastKnownFileType = text.plist.xml; path = Info.plist; sourceTree = "<group>"; };
		003DB88F1DCD31CD00B51FCC /* ArrayBasedHeap.swift */ = {isa = PBXFileReference; fileEncoding = 4; lastKnownFileType = sourcecode.swift; path = ArrayBasedHeap.swift; sourceTree = "<group>"; };
		003DB8911DCD330800B51FCC /* PriorityQueue.swift */ = {isa = PBXFileReference; fileEncoding = 4; lastKnownFileType = sourcecode.swift; path = PriorityQueue.swift; sourceTree = "<group>"; };
		003DB8931DCD3F4800B51FCC /* KeyValuePair.swift */ = {isa = PBXFileReference; fileEncoding = 4; lastKnownFileType = sourcecode.swift; path = KeyValuePair.swift; sourceTree = "<group>"; };
		00546D651A33981000A043A7 /* Algorithmia */ = {isa = PBXFileReference; explicitFileType = "compiled.mach-o.executable"; includeInIndex = 0; path = Algorithmia; sourceTree = BUILT_PRODUCTS_DIR; };
		00546D681A33981000A043A7 /* main.c */ = {isa = PBXFileReference; lastKnownFileType = sourcecode.c.c; path = main.c; sourceTree = "<group>"; };
		00546D6F1A3398A600A043A7 /* measurement.c */ = {isa = PBXFileReference; fileEncoding = 4; lastKnownFileType = sourcecode.c.c; path = measurement.c; sourceTree = "<group>"; };
		00546D701A3398A600A043A7 /* measurement.h */ = {isa = PBXFileReference; fileEncoding = 4; lastKnownFileType = sourcecode.c.h; path = measurement.h; sourceTree = "<group>"; };
		00546D741A33B4D200A043A7 /* sorting.h */ = {isa = PBXFileReference; lastKnownFileType = sourcecode.c.h; path = sorting.h; sourceTree = "<group>"; };
		00546D791A37A06200A043A7 /* utils.c */ = {isa = PBXFileReference; fileEncoding = 4; lastKnownFileType = sourcecode.c.c; path = utils.c; sourceTree = "<group>"; };
		00546D7A1A37A06200A043A7 /* utils.h */ = {isa = PBXFileReference; fileEncoding = 4; lastKnownFileType = sourcecode.c.h; path = utils.h; sourceTree = "<group>"; };
		00546D811A3A3DA300A043A7 /* exchange_sort.c */ = {isa = PBXFileReference; fileEncoding = 4; lastKnownFileType = sourcecode.c.c; path = exchange_sort.c; sourceTree = "<group>"; };
		00546D821A3A3DA300A043A7 /* exchange_sort.h */ = {isa = PBXFileReference; fileEncoding = 4; lastKnownFileType = sourcecode.c.h; path = exchange_sort.h; sourceTree = "<group>"; };
		00546D831A3A3DA300A043A7 /* insertion_sort.c */ = {isa = PBXFileReference; fileEncoding = 4; lastKnownFileType = sourcecode.c.c; path = insertion_sort.c; sourceTree = "<group>"; };
		00546D841A3A3DA300A043A7 /* insertion_sort.h */ = {isa = PBXFileReference; fileEncoding = 4; lastKnownFileType = sourcecode.c.h; path = insertion_sort.h; sourceTree = "<group>"; };
		0080E8FF1DD1082800C61751 /* BoundedHeightPriorityQueue.swift */ = {isa = PBXFileReference; fileEncoding = 4; lastKnownFileType = sourcecode.swift; path = BoundedHeightPriorityQueue.swift; sourceTree = "<group>"; };
		0099EB6D1EBC54BD006497B1 /* Queue.swift */ = {isa = PBXFileReference; fileEncoding = 4; lastKnownFileType = sourcecode.swift; path = Queue.swift; sourceTree = "<group>"; };
		00AC08561E9EA8BA007B0414 /* FindNumberThatHaveGivenSumOrDiff.swift */ = {isa = PBXFileReference; fileEncoding = 4; lastKnownFileType = sourcecode.swift; path = FindNumberThatHaveGivenSumOrDiff.swift; sourceTree = "<group>"; };
		00AC08591E9EB191007B0414 /* FindNumberThatHaveGivenSumTests.swift */ = {isa = PBXFileReference; fileEncoding = 4; lastKnownFileType = sourcecode.swift; path = FindNumberThatHaveGivenSumTests.swift; sourceTree = "<group>"; };
		00AC085B1E9F5EAD007B0414 /* Base_DNumberFromDigits.swift */ = {isa = PBXFileReference; fileEncoding = 4; lastKnownFileType = sourcecode.swift; path = Base_DNumberFromDigits.swift; sourceTree = "<group>"; };
		00AC085D1E9F5F9C007B0414 /* Base_DNumberFromDigitsTests.swift */ = {isa = PBXFileReference; fileEncoding = 4; lastKnownFileType = sourcecode.swift; path = Base_DNumberFromDigitsTests.swift; sourceTree = "<group>"; };
		00AC085F1EA0CC3A007B0414 /* RabinKarpAlgorithm.swift */ = {isa = PBXFileReference; fileEncoding = 4; lastKnownFileType = sourcecode.swift; path = RabinKarpAlgorithm.swift; sourceTree = "<group>"; };
		00AC08611EA135C0007B0414 /* RabinKarpAlgorithmTests.swift */ = {isa = PBXFileReference; fileEncoding = 4; lastKnownFileType = sourcecode.swift; path = RabinKarpAlgorithmTests.swift; sourceTree = "<group>"; };
		00AC0F4D1DD3B8B8003A70FD /* BinarySearchTree.swift */ = {isa = PBXFileReference; fileEncoding = 4; lastKnownFileType = sourcecode.swift; path = BinarySearchTree.swift; sourceTree = "<group>"; };
		00AC0F4F1DD3BF97003A70FD /* BinarySearchTreeTests.swift */ = {isa = PBXFileReference; fileEncoding = 4; lastKnownFileType = sourcecode.swift; path = BinarySearchTreeTests.swift; sourceTree = "<group>"; };
		00AC0F531DD8FA8C003A70FD /* BoundedHeightPriorityQueueTests.swift */ = {isa = PBXFileReference; fileEncoding = 4; lastKnownFileType = sourcecode.swift; path = BoundedHeightPriorityQueueTests.swift; sourceTree = "<group>"; };
		00AECD8B1E9CB745007E8458 /* FindAllPermutations.swift */ = {isa = PBXFileReference; fileEncoding = 4; lastKnownFileType = sourcecode.swift; path = FindAllPermutations.swift; sourceTree = "<group>"; };
		00AECD8F1E9E7D7D007E8458 /* FindAllPermutationTests.swift */ = {isa = PBXFileReference; fileEncoding = 4; lastKnownFileType = sourcecode.swift; path = FindAllPermutationTests.swift; sourceTree = "<group>"; };
		00BBA4DB1EA4049200E26C3A /* BoyerMooreAlgorithm.swift */ = {isa = PBXFileReference; fileEncoding = 4; lastKnownFileType = sourcecode.swift; path = BoyerMooreAlgorithm.swift; sourceTree = "<group>"; };
		00BBA4DD1EA638F600E26C3A /* String+Extensions.swift */ = {isa = PBXFileReference; fileEncoding = 4; lastKnownFileType = sourcecode.swift; path = "String+Extensions.swift"; sourceTree = "<group>"; };
		00BBA4DF1EA639DA00E26C3A /* Int+Extensions.swift */ = {isa = PBXFileReference; fileEncoding = 4; lastKnownFileType = sourcecode.swift; path = "Int+Extensions.swift"; sourceTree = "<group>"; };
		00BBA4E21EA63CC800E26C3A /* BoyerMooreAlgorithmTests.swift */ = {isa = PBXFileReference; fileEncoding = 4; lastKnownFileType = sourcecode.swift; path = BoyerMooreAlgorithmTests.swift; sourceTree = "<group>"; };
		00BBA4E41EACF10800E26C3A /* AreCharactersUnique.swift */ = {isa = PBXFileReference; fileEncoding = 4; lastKnownFileType = sourcecode.swift; path = AreCharactersUnique.swift; sourceTree = "<group>"; };
		00C299D21EC8CA20000575E7 /* BinarySearchTreeTraversalTests.swift */ = {isa = PBXFileReference; fileEncoding = 4; lastKnownFileType = sourcecode.swift; path = BinarySearchTreeTraversalTests.swift; sourceTree = "<group>"; };
		00C299D61ECA42CA000575E7 /* TreeTraversals.swift */ = {isa = PBXFileReference; fileEncoding = 4; lastKnownFileType = sourcecode.swift; path = TreeTraversals.swift; sourceTree = "<group>"; };
		00C299E01ECCE8EA000575E7 /* BinaryTree.swift */ = {isa = PBXFileReference; fileEncoding = 4; lastKnownFileType = sourcecode.swift; path = BinaryTree.swift; sourceTree = "<group>"; };
		00E466121EBE5FF9009BFD2C /* SampleProtocolsWithAssociatedTypes.swift */ = {isa = PBXFileReference; fileEncoding = 4; lastKnownFileType = sourcecode.swift; path = SampleProtocolsWithAssociatedTypes.swift; sourceTree = "<group>"; };
		00E466151EBF4F94009BFD2C /* MinMaxStack.swift */ = {isa = PBXFileReference; fileEncoding = 4; lastKnownFileType = sourcecode.swift; path = MinMaxStack.swift; sourceTree = "<group>"; };
		00E466171EBF4FD5009BFD2C /* Stack.swift */ = {isa = PBXFileReference; fileEncoding = 4; lastKnownFileType = sourcecode.swift; path = Stack.swift; sourceTree = "<group>"; };
		00E4661A1EBF5760009BFD2C /* StackBasedOnLinkedList.swift */ = {isa = PBXFileReference; fileEncoding = 4; lastKnownFileType = sourcecode.swift; path = StackBasedOnLinkedList.swift; sourceTree = "<group>"; };
		00E466201EBF8A9F009BFD2C /* StackBasedOnLinkedListTests.swift */ = {isa = PBXFileReference; fileEncoding = 4; lastKnownFileType = sourcecode.swift; path = StackBasedOnLinkedListTests.swift; sourceTree = "<group>"; };
		00E466231EBF9ED3009BFD2C /* MinMaxStackTests.swift */ = {isa = PBXFileReference; fileEncoding = 4; lastKnownFileType = sourcecode.swift; path = MinMaxStackTests.swift; sourceTree = "<group>"; };
		00E466271EBFA6A6009BFD2C /* CollectionStack.swift */ = {isa = PBXFileReference; fileEncoding = 4; lastKnownFileType = sourcecode.swift; path = CollectionStack.swift; sourceTree = "<group>"; };
/* End PBXFileReference section */

/* Begin PBXFrameworksBuildPhase section */
		003DB8811DCD30A600B51FCC /* Frameworks */ = {
			isa = PBXFrameworksBuildPhase;
			buildActionMask = 2147483647;
			files = (
			);
			runOnlyForDeploymentPostprocessing = 0;
		};
		00546D621A33981000A043A7 /* Frameworks */ = {
			isa = PBXFrameworksBuildPhase;
			buildActionMask = 2147483647;
			files = (
			);
			runOnlyForDeploymentPostprocessing = 0;
		};
/* End PBXFrameworksBuildPhase section */

/* Begin PBXGroup section */
		00140EF61EB62C8C00992C1B /* Lists */ = {
			isa = PBXGroup;
			children = (
				00140EF71EB62CB700992C1B /* SingleLinkedList.swift */,
				00140EFC1EB8A53E00992C1B /* IsLinkedListPalindrome.swift */,
				00140F001EBB4D3B00992C1B /* SumNumbersRepresentedByLinkedList.swift */,
			);
			name = Lists;
			sourceTree = "<group>";
		};
		00140EF91EB6451100992C1B /* Lists */ = {
			isa = PBXGroup;
			children = (
				00140EFA1EB6452F00992C1B /* SingleLinkedListTests.swift */,
				00140EFE1EB8A98200992C1B /* IsLinkedListPalindromeTests.swift */,
			);
			name = Lists;
			sourceTree = "<group>";
		};
		003DB8851DCD30A600B51FCC /* UnitTests */ = {
			isa = PBXGroup;
			children = (
				00AC08581E9EB15E007B0414 /* Generic problems */,
				00AECD8E1E9E7C89007E8458 /* String-matching */,
				00AECD8D1E9CB760007E8458 /* Data Structures */,
				003DB8881DCD30A600B51FCC /* Info.plist */,
			);
			path = UnitTests;
			sourceTree = "<group>";
		};
		003DB88C1DCD30E400B51FCC /* Data Structures */ = {
			isa = PBXGroup;
			children = (
				00E466141EBF4F69009BFD2C /* Stacks */,
				00140EF61EB62C8C00992C1B /* Lists */,
				00AC0F4C1DD3B836003A70FD /* Trees */,
				00AC0F4B1DD3B815003A70FD /* Priority Queues */,
				003DB8931DCD3F4800B51FCC /* KeyValuePair.swift */,
			);
			path = "Data Structures";
			sourceTree = "<group>";
		};
		00546D5C1A33981000A043A7 = {
			isa = PBXGroup;
			children = (
				00546D671A33981000A043A7 /* Algorithmia */,
				003DB8851DCD30A600B51FCC /* UnitTests */,
				00546D661A33981000A043A7 /* Products */,
			);
			sourceTree = "<group>";
		};
		00546D661A33981000A043A7 /* Products */ = {
			isa = PBXGroup;
			children = (
				00546D651A33981000A043A7 /* Algorithmia */,
				003DB8841DCD30A600B51FCC /* UnitTests.xctest */,
			);
			name = Products;
			sourceTree = "<group>";
		};
		00546D671A33981000A043A7 /* Algorithmia */ = {
			isa = PBXGroup;
			children = (
				003DB88C1DCD30E400B51FCC /* Data Structures */,
				00546D781A37A04600A043A7 /* Utils */,
				00546D731A33B48C00A043A7 /* Sorting */,
				00546D721A33B48100A043A7 /* Measurement */,
				00546D681A33981000A043A7 /* main.c */,
				00AC08551E9EA85C007B0414 /* Generic problems */,
				00AECD8A1E9CB705007E8458 /* String-matching */,
			);
			path = Algorithmia;
			sourceTree = "<group>";
		};
		00546D721A33B48100A043A7 /* Measurement */ = {
			isa = PBXGroup;
			children = (
				00546D701A3398A600A043A7 /* measurement.h */,
				00546D6F1A3398A600A043A7 /* measurement.c */,
			);
			name = Measurement;
			sourceTree = "<group>";
		};
		00546D731A33B48C00A043A7 /* Sorting */ = {
			isa = PBXGroup;
			children = (
				00546D741A33B4D200A043A7 /* sorting.h */,
				00546D821A3A3DA300A043A7 /* exchange_sort.h */,
				00546D811A3A3DA300A043A7 /* exchange_sort.c */,
				00546D841A3A3DA300A043A7 /* insertion_sort.h */,
				00546D831A3A3DA300A043A7 /* insertion_sort.c */,
			);
			name = Sorting;
			sourceTree = "<group>";
		};
		00546D781A37A04600A043A7 /* Utils */ = {
			isa = PBXGroup;
			children = (
				00546D7A1A37A06200A043A7 /* utils.h */,
				00546D791A37A06200A043A7 /* utils.c */,
				00BBA4DD1EA638F600E26C3A /* String+Extensions.swift */,
				00BBA4DF1EA639DA00E26C3A /* Int+Extensions.swift */,
			);
			name = Utils;
			sourceTree = "<group>";
		};
		00AC08551E9EA85C007B0414 /* Generic problems */ = {
			isa = PBXGroup;
			children = (
				00AC08561E9EA8BA007B0414 /* FindNumberThatHaveGivenSumOrDiff.swift */,
				00AC085B1E9F5EAD007B0414 /* Base_DNumberFromDigits.swift */,
				00BBA4E41EACF10800E26C3A /* AreCharactersUnique.swift */,
				0017C9CD1EAF04F500E5E749 /* ReplaceSpaces.swift */,
				0017C9D11EB065C300E5E749 /* IsPermutationOfPalindrome.swift */,
				0017C9D51EB31B9C00E5E749 /* SmallDifference.swift */,
				00140EEA1EB5D8C800992C1B /* MatrixRotation.swift */,
				00140EF21EB617FD00992C1B /* StringRotation.swift */,
				00E466121EBE5FF9009BFD2C /* SampleProtocolsWithAssociatedTypes.swift */,
			);
			path = "Generic problems";
			sourceTree = "<group>";
		};
		00AC08581E9EB15E007B0414 /* Generic problems */ = {
			isa = PBXGroup;
			children = (
				00AC08591E9EB191007B0414 /* FindNumberThatHaveGivenSumTests.swift */,
				0017C9CB1EACF84C00E5E749 /* AreCharactersUniqueTests.swift */,
				0017C9CF1EAF08E900E5E749 /* ReplaceSpacesTests.swift */,
				0017C9D31EB068AB00E5E749 /* IsPermutationOfPalindromeTests.swift */,
				00AC085D1E9F5F9C007B0414 /* Base_DNumberFromDigitsTests.swift */,
				00140EE81EB49BE300992C1B /* SmallDifferenceTests.swift */,
				00140EF01EB5E18A00992C1B /* MatrixRotationTests.swift */,
				00140EF41EB61D3D00992C1B /* StringRotationTests.swift */,
			);
			path = "Generic problems";
			sourceTree = "<group>";
		};
		00AC0F4B1DD3B815003A70FD /* Priority Queues */ = {
			isa = PBXGroup;
			children = (
				003DB88F1DCD31CD00B51FCC /* ArrayBasedHeap.swift */,
				0080E8FF1DD1082800C61751 /* BoundedHeightPriorityQueue.swift */,
				003DB8911DCD330800B51FCC /* PriorityQueue.swift */,
				0099EB6D1EBC54BD006497B1 /* Queue.swift */,
			);
			name = "Priority Queues";
			sourceTree = "<group>";
		};
		00AC0F4C1DD3B836003A70FD /* Trees */ = {
			isa = PBXGroup;
			children = (
				00AC0F4D1DD3B8B8003A70FD /* BinarySearchTree.swift */,
				001989101ECE1E8E001D6214 /* SinglyThreadedBinarySearchTree.swift */,
				00C299E01ECCE8EA000575E7 /* BinaryTree.swift */,
				00C299D61ECA42CA000575E7 /* TreeTraversals.swift */,
			);
			name = Trees;
			sourceTree = "<group>";
		};
		00AC0F511DD764A4003A70FD /* Trees */ = {
			isa = PBXGroup;
			children = (
				00AC0F4F1DD3BF97003A70FD /* BinarySearchTreeTests.swift */,
				001989121ECE30B1001D6214 /* SinglyThreadedBinarySearchTreeTests.swift */,
				00C299D21EC8CA20000575E7 /* BinarySearchTreeTraversalTests.swift */,
			);
			name = Trees;
			sourceTree = "<group>";
		};
		00AC0F521DD764AA003A70FD /* Prioritiy Queues */ = {
			isa = PBXGroup;
			children = (
				003DB8861DCD30A600B51FCC /* ArrayBasedHeapTests.swift */,
				00AC0F531DD8FA8C003A70FD /* BoundedHeightPriorityQueueTests.swift */,
			);
			name = "Prioritiy Queues";
			sourceTree = "<group>";
		};
		00AECD8A1E9CB705007E8458 /* String-matching */ = {
			isa = PBXGroup;
			children = (
				00AECD8B1E9CB745007E8458 /* FindAllPermutations.swift */,
				00AC085F1EA0CC3A007B0414 /* RabinKarpAlgorithm.swift */,
				00BBA4DB1EA4049200E26C3A /* BoyerMooreAlgorithm.swift */,
			);
			path = "String-matching";
			sourceTree = "<group>";
		};
		00AECD8D1E9CB760007E8458 /* Data Structures */ = {
			isa = PBXGroup;
			children = (
				00E4661F1EBF8A7F009BFD2C /* Stacks */,
				00140EF91EB6451100992C1B /* Lists */,
				00AC0F521DD764AA003A70FD /* Prioritiy Queues */,
				00AC0F511DD764A4003A70FD /* Trees */,
			);
			name = "Data Structures";
			sourceTree = "<group>";
		};
		00AECD8E1E9E7C89007E8458 /* String-matching */ = {
			isa = PBXGroup;
			children = (
				00AECD8F1E9E7D7D007E8458 /* FindAllPermutationTests.swift */,
				00AC08611EA135C0007B0414 /* RabinKarpAlgorithmTests.swift */,
				00BBA4E21EA63CC800E26C3A /* BoyerMooreAlgorithmTests.swift */,
			);
			path = "String-matching";
			sourceTree = "<group>";
		};
		00E466141EBF4F69009BFD2C /* Stacks */ = {
			isa = PBXGroup;
			children = (
				00E466261EBFA65B009BFD2C /* ProtocolBased */,
				00E466251EBFA614009BFD2C /* InheritanceBased */,
			);
			name = Stacks;
			sourceTree = "<group>";
		};
		00E4661F1EBF8A7F009BFD2C /* Stacks */ = {
			isa = PBXGroup;
			children = (
				00E466201EBF8A9F009BFD2C /* StackBasedOnLinkedListTests.swift */,
				00E466231EBF9ED3009BFD2C /* MinMaxStackTests.swift */,
			);
			name = Stacks;
			sourceTree = "<group>";
		};
		00E466251EBFA614009BFD2C /* InheritanceBased */ = {
			isa = PBXGroup;
			children = (
				00E466151EBF4F94009BFD2C /* MinMaxStack.swift */,
				00E4661A1EBF5760009BFD2C /* StackBasedOnLinkedList.swift */,
				00E466171EBF4FD5009BFD2C /* Stack.swift */,
			);
			name = InheritanceBased;
			sourceTree = "<group>";
		};
		00E466261EBFA65B009BFD2C /* ProtocolBased */ = {
			isa = PBXGroup;
			children = (
				00E466271EBFA6A6009BFD2C /* CollectionStack.swift */,
			);
			name = ProtocolBased;
			sourceTree = "<group>";
		};
/* End PBXGroup section */

/* Begin PBXNativeTarget section */
		003DB8831DCD30A600B51FCC /* UnitTests */ = {
			isa = PBXNativeTarget;
			buildConfigurationList = 003DB88B1DCD30A600B51FCC /* Build configuration list for PBXNativeTarget "UnitTests" */;
			buildPhases = (
				003DB8801DCD30A600B51FCC /* Sources */,
				003DB8811DCD30A600B51FCC /* Frameworks */,
				003DB8821DCD30A600B51FCC /* Resources */,
			);
			buildRules = (
			);
			dependencies = (
			);
			name = UnitTests;
			productName = UnitTests;
			productReference = 003DB8841DCD30A600B51FCC /* UnitTests.xctest */;
			productType = "com.apple.product-type.bundle.unit-test";
		};
		00546D641A33981000A043A7 /* Algorithmia */ = {
			isa = PBXNativeTarget;
			buildConfigurationList = 00546D6C1A33981000A043A7 /* Build configuration list for PBXNativeTarget "Algorithmia" */;
			buildPhases = (
				00546D611A33981000A043A7 /* Sources */,
				00546D621A33981000A043A7 /* Frameworks */,
				00546D631A33981000A043A7 /* CopyFiles */,
			);
			buildRules = (
			);
			dependencies = (
			);
			name = Algorithmia;
			productName = Algorithmia;
			productReference = 00546D651A33981000A043A7 /* Algorithmia */;
			productType = "com.apple.product-type.tool";
		};
/* End PBXNativeTarget section */

/* Begin PBXProject section */
		00546D5D1A33981000A043A7 /* Project object */ = {
			isa = PBXProject;
			attributes = {
				LastSwiftUpdateCheck = 0810;
				LastUpgradeCheck = 0610;
				ORGANIZATIONNAME = "Borja Arias Drake";
				TargetAttributes = {
					003DB8831DCD30A600B51FCC = {
						CreatedOnToolsVersion = 8.1;
						DevelopmentTeam = HDWMV7DY5P;
						ProvisioningStyle = Automatic;
					};
					00546D641A33981000A043A7 = {
						CreatedOnToolsVersion = 6.1.1;
					};
				};
			};
			buildConfigurationList = 00546D601A33981000A043A7 /* Build configuration list for PBXProject "Algorithmia" */;
			compatibilityVersion = "Xcode 3.2";
			developmentRegion = English;
			hasScannedForEncodings = 0;
			knownRegions = (
				en,
			);
			mainGroup = 00546D5C1A33981000A043A7;
			productRefGroup = 00546D661A33981000A043A7 /* Products */;
			projectDirPath = "";
			projectRoot = "";
			targets = (
				00546D641A33981000A043A7 /* Algorithmia */,
				003DB8831DCD30A600B51FCC /* UnitTests */,
			);
		};
/* End PBXProject section */

/* Begin PBXResourcesBuildPhase section */
		003DB8821DCD30A600B51FCC /* Resources */ = {
			isa = PBXResourcesBuildPhase;
			buildActionMask = 2147483647;
			files = (
			);
			runOnlyForDeploymentPostprocessing = 0;
		};
/* End PBXResourcesBuildPhase section */

/* Begin PBXSourcesBuildPhase section */
		003DB8801DCD30A600B51FCC /* Sources */ = {
			isa = PBXSourcesBuildPhase;
			buildActionMask = 2147483647;
			files = (
				00AC085A1E9EB191007B0414 /* FindNumberThatHaveGivenSumTests.swift in Sources */,
				00140EFD1EB8A53E00992C1B /* IsLinkedListPalindrome.swift in Sources */,
				00E466221EBF8F1B009BFD2C /* MinMaxStack.swift in Sources */,
				0017C9D01EAF08E900E5E749 /* ReplaceSpacesTests.swift in Sources */,
				0099EB6E1EBC54BD006497B1 /* Queue.swift in Sources */,
				00E4661C1EBF67BA009BFD2C /* StackBasedOnLinkedList.swift in Sources */,
				00BBA4E01EA639DA00E26C3A /* Int+Extensions.swift in Sources */,
				00E466281EBFA6A6009BFD2C /* CollectionStack.swift in Sources */,
				00E466211EBF8A9F009BFD2C /* StackBasedOnLinkedListTests.swift in Sources */,
				00E466181EBF4FD5009BFD2C /* Stack.swift in Sources */,
				003DB8871DCD30A600B51FCC /* ArrayBasedHeapTests.swift in Sources */,
				00AC085C1E9F5EAD007B0414 /* Base_DNumberFromDigits.swift in Sources */,
				0017C9CE1EAF04F500E5E749 /* ReplaceSpaces.swift in Sources */,
				00140EFF1EB8A98200992C1B /* IsLinkedListPalindromeTests.swift in Sources */,
				0017C9D21EB065C300E5E749 /* IsPermutationOfPalindrome.swift in Sources */,
				00C299D31EC8CA20000575E7 /* BinarySearchTreeTraversalTests.swift in Sources */,
				00E466131EBE5FF9009BFD2C /* SampleProtocolsWithAssociatedTypes.swift in Sources */,
				00140EF31EB617FD00992C1B /* StringRotation.swift in Sources */,
				00140EEB1EB5D8C800992C1B /* MatrixRotation.swift in Sources */,
				00BBA4DE1EA638F600E26C3A /* String+Extensions.swift in Sources */,
				00AC0F501DD3BF97003A70FD /* BinarySearchTreeTests.swift in Sources */,
				00BBA4E51EACF10800E26C3A /* AreCharactersUnique.swift in Sources */,
				00E466241EBF9ED3009BFD2C /* MinMaxStackTests.swift in Sources */,
				0017C9D61EB31B9C00E5E749 /* SmallDifference.swift in Sources */,
				003DB8901DCD31CD00B51FCC /* ArrayBasedHeap.swift in Sources */,
				00140EF51EB61D3D00992C1B /* StringRotationTests.swift in Sources */,
				00140F011EBB4D3B00992C1B /* SumNumbersRepresentedByLinkedList.swift in Sources */,
				001989131ECE30B1001D6214 /* SinglyThreadedBinarySearchTreeTests.swift in Sources */,
				00AECD901E9E7D7D007E8458 /* FindAllPermutationTests.swift in Sources */,
				0017C9D41EB068AB00E5E749 /* IsPermutationOfPalindromeTests.swift in Sources */,
				00AECD8C1E9CB745007E8458 /* FindAllPermutations.swift in Sources */,
				00AC08571E9EA8BA007B0414 /* FindNumberThatHaveGivenSumOrDiff.swift in Sources */,
				00140EF81EB62CB700992C1B /* SingleLinkedList.swift in Sources */,
				00BBA4E31EA63CC800E26C3A /* BoyerMooreAlgorithmTests.swift in Sources */,
				00C299D71ECA42CA000575E7 /* TreeTraversals.swift in Sources */,
				00AC0F4E1DD3B8B8003A70FD /* BinarySearchTree.swift in Sources */,
				00BBA4E11EA63A1200E26C3A /* BoyerMooreAlgorithm.swift in Sources */,
				00C876891E0899F200FA49DB /* BoundedHeightPriorityQueueTests.swift in Sources */,
				001989111ECE1E8E001D6214 /* SinglyThreadedBinarySearchTree.swift in Sources */,
				00140EE91EB49BE300992C1B /* SmallDifferenceTests.swift in Sources */,
				0017C9CC1EACF84C00E5E749 /* AreCharactersUniqueTests.swift in Sources */,
				00AC08601EA0CC3A007B0414 /* RabinKarpAlgorithm.swift in Sources */,
				003DB8921DCD330800B51FCC /* PriorityQueue.swift in Sources */,
				00AC08621EA135C0007B0414 /* RabinKarpAlgorithmTests.swift in Sources */,
				00140EF11EB5E18A00992C1B /* MatrixRotationTests.swift in Sources */,
				003DB8941DCD3F4800B51FCC /* KeyValuePair.swift in Sources */,
				00C299E11ECCE8EA000575E7 /* BinaryTree.swift in Sources */,
				00AC085E1E9F5F9C007B0414 /* Base_DNumberFromDigitsTests.swift in Sources */,
				0080E9001DD1082800C61751 /* BoundedHeightPriorityQueue.swift in Sources */,
				00E4661D1EBF6962009BFD2C /* SingleLinkedListTests.swift in Sources */,
			);
			runOnlyForDeploymentPostprocessing = 0;
		};
		00546D611A33981000A043A7 /* Sources */ = {
			isa = PBXSourcesBuildPhase;
			buildActionMask = 2147483647;
			files = (
				00546D851A3A3DA300A043A7 /* exchange_sort.c in Sources */,
				00546D7B1A37A06200A043A7 /* utils.c in Sources */,
				00546D711A3398A600A043A7 /* measurement.c in Sources */,
				00546D861A3A3DA300A043A7 /* insertion_sort.c in Sources */,
				00546D691A33981000A043A7 /* main.c in Sources */,
			);
			runOnlyForDeploymentPostprocessing = 0;
		};
/* End PBXSourcesBuildPhase section */

/* Begin XCBuildConfiguration section */
		003DB8891DCD30A600B51FCC /* Debug */ = {
			isa = XCBuildConfiguration;
			buildSettings = {
				CLANG_ANALYZER_NONNULL = YES;
				CLANG_WARN_DOCUMENTATION_COMMENTS = YES;
				CLANG_WARN_INFINITE_RECURSION = YES;
				CLANG_WARN_SUSPICIOUS_MOVES = YES;
				"CODE_SIGN_IDENTITY[sdk=iphoneos*]" = "iPhone Developer";
				DEBUG_INFORMATION_FORMAT = dwarf;
				DEVELOPMENT_TEAM = HDWMV7DY5P;
				ENABLE_TESTABILITY = YES;
				GCC_NO_COMMON_BLOCKS = YES;
				INFOPLIST_FILE = UnitTests/Info.plist;
				IPHONEOS_DEPLOYMENT_TARGET = 10.1;
				LD_RUNPATH_SEARCH_PATHS = "$(inherited) @executable_path/Frameworks @loader_path/Frameworks";
				PRODUCT_BUNDLE_IDENTIFIER = com.boasoftware.UnitTests;
				PRODUCT_NAME = "$(TARGET_NAME)";
				SDKROOT = iphoneos;
				SWIFT_ACTIVE_COMPILATION_CONDITIONS = DEBUG;
				SWIFT_OPTIMIZATION_LEVEL = "-Onone";
				SWIFT_VERSION = 3.0;
			};
			name = Debug;
		};
		003DB88A1DCD30A600B51FCC /* Release */ = {
			isa = XCBuildConfiguration;
			buildSettings = {
				CLANG_ANALYZER_NONNULL = YES;
				CLANG_WARN_DOCUMENTATION_COMMENTS = YES;
				CLANG_WARN_INFINITE_RECURSION = YES;
				CLANG_WARN_SUSPICIOUS_MOVES = YES;
				"CODE_SIGN_IDENTITY[sdk=iphoneos*]" = "iPhone Developer";
				COPY_PHASE_STRIP = NO;
				DEVELOPMENT_TEAM = HDWMV7DY5P;
				GCC_NO_COMMON_BLOCKS = YES;
				INFOPLIST_FILE = UnitTests/Info.plist;
				IPHONEOS_DEPLOYMENT_TARGET = 10.1;
				LD_RUNPATH_SEARCH_PATHS = "$(inherited) @executable_path/Frameworks @loader_path/Frameworks";
				PRODUCT_BUNDLE_IDENTIFIER = com.boasoftware.UnitTests;
				PRODUCT_NAME = "$(TARGET_NAME)";
				SDKROOT = iphoneos;
				SWIFT_OPTIMIZATION_LEVEL = "-Owholemodule";
				SWIFT_VERSION = 3.0;
				VALIDATE_PRODUCT = YES;
			};
			name = Release;
		};
		00546D6A1A33981000A043A7 /* Debug */ = {
			isa = XCBuildConfiguration;
			buildSettings = {
				ALWAYS_SEARCH_USER_PATHS = NO;
				CLANG_CXX_LANGUAGE_STANDARD = "gnu++0x";
				CLANG_CXX_LIBRARY = "libc++";
				CLANG_ENABLE_MODULES = YES;
				CLANG_ENABLE_OBJC_ARC = YES;
				CLANG_WARN_BOOL_CONVERSION = YES;
				CLANG_WARN_CONSTANT_CONVERSION = YES;
				CLANG_WARN_DIRECT_OBJC_ISA_USAGE = YES_ERROR;
				CLANG_WARN_EMPTY_BODY = YES;
				CLANG_WARN_ENUM_CONVERSION = YES;
				CLANG_WARN_INT_CONVERSION = YES;
				CLANG_WARN_OBJC_ROOT_CLASS = YES_ERROR;
				CLANG_WARN_UNREACHABLE_CODE = YES;
				CLANG_WARN__DUPLICATE_METHOD_MATCH = YES;
				COPY_PHASE_STRIP = NO;
				ENABLE_STRICT_OBJC_MSGSEND = YES;
				GCC_C_LANGUAGE_STANDARD = gnu99;
				GCC_DYNAMIC_NO_PIC = NO;
				GCC_OPTIMIZATION_LEVEL = 0;
				GCC_PREPROCESSOR_DEFINITIONS = (
					"DEBUG=1",
					"$(inherited)",
				);
				GCC_SYMBOLS_PRIVATE_EXTERN = NO;
				GCC_WARN_64_TO_32_BIT_CONVERSION = YES;
				GCC_WARN_ABOUT_RETURN_TYPE = YES_ERROR;
				GCC_WARN_UNDECLARED_SELECTOR = YES;
				GCC_WARN_UNINITIALIZED_AUTOS = YES_AGGRESSIVE;
				GCC_WARN_UNUSED_FUNCTION = YES;
				GCC_WARN_UNUSED_VARIABLE = YES;
				MACOSX_DEPLOYMENT_TARGET = 10.10;
				MTL_ENABLE_DEBUG_INFO = YES;
				ONLY_ACTIVE_ARCH = YES;
				SDKROOT = macosx;
			};
			name = Debug;
		};
		00546D6B1A33981000A043A7 /* Release */ = {
			isa = XCBuildConfiguration;
			buildSettings = {
				ALWAYS_SEARCH_USER_PATHS = NO;
				CLANG_CXX_LANGUAGE_STANDARD = "gnu++0x";
				CLANG_CXX_LIBRARY = "libc++";
				CLANG_ENABLE_MODULES = YES;
				CLANG_ENABLE_OBJC_ARC = YES;
				CLANG_WARN_BOOL_CONVERSION = YES;
				CLANG_WARN_CONSTANT_CONVERSION = YES;
				CLANG_WARN_DIRECT_OBJC_ISA_USAGE = YES_ERROR;
				CLANG_WARN_EMPTY_BODY = YES;
				CLANG_WARN_ENUM_CONVERSION = YES;
				CLANG_WARN_INT_CONVERSION = YES;
				CLANG_WARN_OBJC_ROOT_CLASS = YES_ERROR;
				CLANG_WARN_UNREACHABLE_CODE = YES;
				CLANG_WARN__DUPLICATE_METHOD_MATCH = YES;
				COPY_PHASE_STRIP = YES;
				DEBUG_INFORMATION_FORMAT = "dwarf-with-dsym";
				ENABLE_NS_ASSERTIONS = NO;
				ENABLE_STRICT_OBJC_MSGSEND = YES;
				GCC_C_LANGUAGE_STANDARD = gnu99;
				GCC_WARN_64_TO_32_BIT_CONVERSION = YES;
				GCC_WARN_ABOUT_RETURN_TYPE = YES_ERROR;
				GCC_WARN_UNDECLARED_SELECTOR = YES;
				GCC_WARN_UNINITIALIZED_AUTOS = YES_AGGRESSIVE;
				GCC_WARN_UNUSED_FUNCTION = YES;
				GCC_WARN_UNUSED_VARIABLE = YES;
				MACOSX_DEPLOYMENT_TARGET = 10.10;
				MTL_ENABLE_DEBUG_INFO = NO;
				SDKROOT = macosx;
			};
			name = Release;
		};
		00546D6D1A33981000A043A7 /* Debug */ = {
			isa = XCBuildConfiguration;
			buildSettings = {
				PRODUCT_NAME = "$(TARGET_NAME)";
			};
			name = Debug;
		};
		00546D6E1A33981000A043A7 /* Release */ = {
			isa = XCBuildConfiguration;
			buildSettings = {
				PRODUCT_NAME = "$(TARGET_NAME)";
			};
			name = Release;
		};
/* End XCBuildConfiguration section */

/* Begin XCConfigurationList section */
		003DB88B1DCD30A600B51FCC /* Build configuration list for PBXNativeTarget "UnitTests" */ = {
			isa = XCConfigurationList;
			buildConfigurations = (
				003DB8891DCD30A600B51FCC /* Debug */,
				003DB88A1DCD30A600B51FCC /* Release */,
			);
			defaultConfigurationIsVisible = 0;
			defaultConfigurationName = Release;
		};
		00546D601A33981000A043A7 /* Build configuration list for PBXProject "Algorithmia" */ = {
			isa = XCConfigurationList;
			buildConfigurations = (
				00546D6A1A33981000A043A7 /* Debug */,
				00546D6B1A33981000A043A7 /* Release */,
			);
			defaultConfigurationIsVisible = 0;
			defaultConfigurationName = Release;
		};
		00546D6C1A33981000A043A7 /* Build configuration list for PBXNativeTarget "Algorithmia" */ = {
			isa = XCConfigurationList;
			buildConfigurations = (
				00546D6D1A33981000A043A7 /* Debug */,
				00546D6E1A33981000A043A7 /* Release */,
			);
			defaultConfigurationIsVisible = 0;
			defaultConfigurationName = Release;
		};
/* End XCConfigurationList section */
	};
	rootObject = 00546D5D1A33981000A043A7 /* Project object */;
}
