// !$*UTF8*$!
{
	archiveVersion = 1;
	classes = {
	};
	objectVersion = 46;
	objects = {

/* Begin PBXBuildFile section */
		00140EE91EB49BE300992C1B /* SmallDifferenceTests.swift in Sources */ = {isa = PBXBuildFile; fileRef = 00140EE81EB49BE300992C1B /* SmallDifferenceTests.swift */; };
		00140EEB1EB5D8C800992C1B /* MatrixRotation.swift in Sources */ = {isa = PBXBuildFile; fileRef = 00140EEA1EB5D8C800992C1B /* MatrixRotation.swift */; };
		00140EF11EB5E18A00992C1B /* MatrixRotationTests.swift in Sources */ = {isa = PBXBuildFile; fileRef = 00140EF01EB5E18A00992C1B /* MatrixRotationTests.swift */; };
		00140EF31EB617FD00992C1B /* StringRotation.swift in Sources */ = {isa = PBXBuildFile; fileRef = 00140EF21EB617FD00992C1B /* StringRotation.swift */; };
		00140EF51EB61D3D00992C1B /* StringRotationTests.swift in Sources */ = {isa = PBXBuildFile; fileRef = 00140EF41EB61D3D00992C1B /* StringRotationTests.swift */; };
		0017C9CC1EACF84C00E5E749 /* AreCharactersUniqueTests.swift in Sources */ = {isa = PBXBuildFile; fileRef = 0017C9CB1EACF84C00E5E749 /* AreCharactersUniqueTests.swift */; };
		0017C9CE1EAF04F500E5E749 /* ReplaceSpaces.swift in Sources */ = {isa = PBXBuildFile; fileRef = 0017C9CD1EAF04F500E5E749 /* ReplaceSpaces.swift */; };
		0017C9D01EAF08E900E5E749 /* ReplaceSpacesTests.swift in Sources */ = {isa = PBXBuildFile; fileRef = 0017C9CF1EAF08E900E5E749 /* ReplaceSpacesTests.swift */; };
		0017C9D21EB065C300E5E749 /* IsPermutationOfPalindrome.swift in Sources */ = {isa = PBXBuildFile; fileRef = 0017C9D11EB065C300E5E749 /* IsPermutationOfPalindrome.swift */; };
		0017C9D41EB068AB00E5E749 /* IsPermutationOfPalindromeTests.swift in Sources */ = {isa = PBXBuildFile; fileRef = 0017C9D31EB068AB00E5E749 /* IsPermutationOfPalindromeTests.swift */; };
		0017C9D61EB31B9C00E5E749 /* SmallDifference.swift in Sources */ = {isa = PBXBuildFile; fileRef = 0017C9D51EB31B9C00E5E749 /* SmallDifference.swift */; };
		003DB8941DCD3F4800B51FCC /* KeyValuePair.swift in Sources */ = {isa = PBXBuildFile; fileRef = 003DB8931DCD3F4800B51FCC /* KeyValuePair.swift */; };
		00546D7B1A37A06200A043A7 /* utils.c in Sources */ = {isa = PBXBuildFile; fileRef = 00546D791A37A06200A043A7 /* utils.c */; };
		007870511EEDAC90002514CB /* IsLinkedListPalindrome.swift in Sources */ = {isa = PBXBuildFile; fileRef = 00140EFC1EB8A53E00992C1B /* IsLinkedListPalindrome.swift */; };
		0078705D1EEF45C2002514CB /* MinMaxStack.swift in Sources */ = {isa = PBXBuildFile; fileRef = 0078705A1EEF453F002514CB /* MinMaxStack.swift */; };
		0078705E1EEF45C2002514CB /* StackBasedOnLinkedList.swift in Sources */ = {isa = PBXBuildFile; fileRef = 007870591EEF453F002514CB /* StackBasedOnLinkedList.swift */; };
		0078705F1EEF45C2002514CB /* Stack.swift in Sources */ = {isa = PBXBuildFile; fileRef = 007870581EEF44DD002514CB /* Stack.swift */; };
		007870631EEF46D2002514CB /* SumNumbersRepresentedByLinkedList.swift in Sources */ = {isa = PBXBuildFile; fileRef = 007870621EEF46CC002514CB /* SumNumbersRepresentedByLinkedList.swift */; };
		007870641EEF46D5002514CB /* SinglyLinkedList.swift in Sources */ = {isa = PBXBuildFile; fileRef = 007870611EEF46CC002514CB /* SinglyLinkedList.swift */; };
		0078706C1EEF48FA002514CB /* BasicBinarySearchTree.swift in Sources */ = {isa = PBXBuildFile; fileRef = 007870661EEF48F5002514CB /* BasicBinarySearchTree.swift */; };
		0078706D1EEF48FA002514CB /* BinaryHeap.swift in Sources */ = {isa = PBXBuildFile; fileRef = 007870671EEF48F5002514CB /* BinaryHeap.swift */; };
		0078706E1EEF48FA002514CB /* BinaryTree.swift in Sources */ = {isa = PBXBuildFile; fileRef = 007870681EEF48F5002514CB /* BinaryTree.swift */; };
		0078706F1EEF48FA002514CB /* RedBlackBinarySearchTree.swift in Sources */ = {isa = PBXBuildFile; fileRef = 007870691EEF48F5002514CB /* RedBlackBinarySearchTree.swift */; };
		007870701EEF48FA002514CB /* SinglyThreadedBinarySearchTree.swift in Sources */ = {isa = PBXBuildFile; fileRef = 0078706A1EEF48F5002514CB /* SinglyThreadedBinarySearchTree.swift */; };
		007870711EEF48FA002514CB /* TreeTraversals.swift in Sources */ = {isa = PBXBuildFile; fileRef = 0078706B1EEF48F5002514CB /* TreeTraversals.swift */; };
		007870771EEF49A2002514CB /* ArrayBasedHeap.swift in Sources */ = {isa = PBXBuildFile; fileRef = 007870731EEF499B002514CB /* ArrayBasedHeap.swift */; };
		007870781EEF49A2002514CB /* BoundedHeightPriorityQueue.swift in Sources */ = {isa = PBXBuildFile; fileRef = 007870741EEF499B002514CB /* BoundedHeightPriorityQueue.swift */; };
		007870791EEF49A2002514CB /* PriorityQueue.swift in Sources */ = {isa = PBXBuildFile; fileRef = 007870751EEF499B002514CB /* PriorityQueue.swift */; };
		0078707A1EEF49A2002514CB /* Queue.swift in Sources */ = {isa = PBXBuildFile; fileRef = 007870761EEF499B002514CB /* Queue.swift */; };
		007870871EEF4CCF002514CB /* measurement.c in Sources */ = {isa = PBXBuildFile; fileRef = 0078707C1EEF4CB8002514CB /* measurement.c */; };
		007870881EEF4CCF002514CB /* exchange_sort.c in Sources */ = {isa = PBXBuildFile; fileRef = 0078707F1EEF4CB8002514CB /* exchange_sort.c */; };
		007870891EEF4CCF002514CB /* insertion_sort.c in Sources */ = {isa = PBXBuildFile; fileRef = 007870811EEF4CB8002514CB /* insertion_sort.c */; };
		0078708A1EEF4CCF002514CB /* main.c in Sources */ = {isa = PBXBuildFile; fileRef = 007870831EEF4CB8002514CB /* main.c */; };
		0078708B1EEF4CCF002514CB /* utils.c in Sources */ = {isa = PBXBuildFile; fileRef = 007870851EEF4CB8002514CB /* utils.c */; };
		0078709B1EF00B72002514CB /* IsLinkedListPalindromeTests.swift in Sources */ = {isa = PBXBuildFile; fileRef = 0078708E1EF00B68002514CB /* IsLinkedListPalindromeTests.swift */; };
		0078709C1EF00B72002514CB /* SingleLinkedListTests.swift in Sources */ = {isa = PBXBuildFile; fileRef = 0078708F1EF00B68002514CB /* SingleLinkedListTests.swift */; };
		0078709D1EF00B72002514CB /* ArrayBasedHeapTests.swift in Sources */ = {isa = PBXBuildFile; fileRef = 007870911EF00B68002514CB /* ArrayBasedHeapTests.swift */; };
		0078709E1EF00B72002514CB /* BoundedHeightPriorityQueueTests.swift in Sources */ = {isa = PBXBuildFile; fileRef = 007870921EF00B68002514CB /* BoundedHeightPriorityQueueTests.swift */; };
		0078709F1EF00B72002514CB /* MinMaxStackTests.swift in Sources */ = {isa = PBXBuildFile; fileRef = 007870941EF00B68002514CB /* MinMaxStackTests.swift */; };
		007870A01EF00B72002514CB /* StackBasedOnLinkedListTests.swift in Sources */ = {isa = PBXBuildFile; fileRef = 007870951EF00B68002514CB /* StackBasedOnLinkedListTests.swift */; };
		007870A11EF00B72002514CB /* BasicBinaryHeapTests.swift in Sources */ = {isa = PBXBuildFile; fileRef = 007870971EF00B68002514CB /* BasicBinaryHeapTests.swift */; };
		007870A21EF00B72002514CB /* BasicBinarySearchTreeTests.swift in Sources */ = {isa = PBXBuildFile; fileRef = 007870981EF00B68002514CB /* BasicBinarySearchTreeTests.swift */; };
		007870A31EF00B72002514CB /* RedBlackBinarySearchTreeTests.swift in Sources */ = {isa = PBXBuildFile; fileRef = 007870991EF00B68002514CB /* RedBlackBinarySearchTreeTests.swift */; };
		007870A41EF00B72002514CB /* SinglyThreadedBinarySearchTreeTests.swift in Sources */ = {isa = PBXBuildFile; fileRef = 0078709A1EF00B68002514CB /* SinglyThreadedBinarySearchTreeTests.swift */; };
		008AD4041EF14F9E004A2590 /* Graph.swift in Sources */ = {isa = PBXBuildFile; fileRef = 008AD4031EF14F9E004A2590 /* Graph.swift */; };
		008AD4061EF152E2004A2590 /* AdjacencyListGraph.swift in Sources */ = {isa = PBXBuildFile; fileRef = 008AD4051EF152E2004A2590 /* AdjacencyListGraph.swift */; };
		008AD40C1EF2AAFA004A2590 /* TopologicalSortingTests.swift in Sources */ = {isa = PBXBuildFile; fileRef = 008AD40B1EF2AAFA004A2590 /* TopologicalSortingTests.swift */; };
		00AC08571E9EA8BA007B0414 /* FindNumberThatHaveGivenSumOrDiff.swift in Sources */ = {isa = PBXBuildFile; fileRef = 00AC08561E9EA8BA007B0414 /* FindNumberThatHaveGivenSumOrDiff.swift */; };
		00AC085A1E9EB191007B0414 /* FindNumberThatHaveGivenSumTests.swift in Sources */ = {isa = PBXBuildFile; fileRef = 00AC08591E9EB191007B0414 /* FindNumberThatHaveGivenSumTests.swift */; };
		00AC085C1E9F5EAD007B0414 /* Base_DNumberFromDigits.swift in Sources */ = {isa = PBXBuildFile; fileRef = 00AC085B1E9F5EAD007B0414 /* Base_DNumberFromDigits.swift */; };
		00AC085E1E9F5F9C007B0414 /* Base_DNumberFromDigitsTests.swift in Sources */ = {isa = PBXBuildFile; fileRef = 00AC085D1E9F5F9C007B0414 /* Base_DNumberFromDigitsTests.swift */; };
		00AC08601EA0CC3A007B0414 /* RabinKarpAlgorithm.swift in Sources */ = {isa = PBXBuildFile; fileRef = 00AC085F1EA0CC3A007B0414 /* RabinKarpAlgorithm.swift */; };
		00AC08621EA135C0007B0414 /* RabinKarpAlgorithmTests.swift in Sources */ = {isa = PBXBuildFile; fileRef = 00AC08611EA135C0007B0414 /* RabinKarpAlgorithmTests.swift */; };
		00ADA00B1EF6C50300AF030B /* AdjacencyListGraphTests.swift in Sources */ = {isa = PBXBuildFile; fileRef = 00ADA00A1EF6C50300AF030B /* AdjacencyListGraphTests.swift */; };
		00AECD8C1E9CB745007E8458 /* FindAllPermutations.swift in Sources */ = {isa = PBXBuildFile; fileRef = 00AECD8B1E9CB745007E8458 /* FindAllPermutations.swift */; };
		00AECD901E9E7D7D007E8458 /* FindAllPermutationTests.swift in Sources */ = {isa = PBXBuildFile; fileRef = 00AECD8F1E9E7D7D007E8458 /* FindAllPermutationTests.swift */; };
		00BBA4DE1EA638F600E26C3A /* String+Extensions.swift in Sources */ = {isa = PBXBuildFile; fileRef = 00BBA4DD1EA638F600E26C3A /* String+Extensions.swift */; };
		00BBA4E01EA639DA00E26C3A /* Int+Extensions.swift in Sources */ = {isa = PBXBuildFile; fileRef = 00BBA4DF1EA639DA00E26C3A /* Int+Extensions.swift */; };
		00BBA4E11EA63A1200E26C3A /* BoyerMooreAlgorithm.swift in Sources */ = {isa = PBXBuildFile; fileRef = 00BBA4DB1EA4049200E26C3A /* BoyerMooreAlgorithm.swift */; };
		00BBA4E31EA63CC800E26C3A /* BoyerMooreAlgorithmTests.swift in Sources */ = {isa = PBXBuildFile; fileRef = 00BBA4E21EA63CC800E26C3A /* BoyerMooreAlgorithmTests.swift */; };
		00BBA4E51EACF10800E26C3A /* AreCharactersUnique.swift in Sources */ = {isa = PBXBuildFile; fileRef = 00BBA4E41EACF10800E26C3A /* AreCharactersUnique.swift */; };
		00E466131EBE5FF9009BFD2C /* SampleProtocolsWithAssociatedTypes.swift in Sources */ = {isa = PBXBuildFile; fileRef = 00E466121EBE5FF9009BFD2C /* SampleProtocolsWithAssociatedTypes.swift */; };
/* End PBXBuildFile section */

/* Begin PBXCopyFilesBuildPhase section */
		00546D631A33981000A043A7 /* CopyFiles */ = {
			isa = PBXCopyFilesBuildPhase;
			buildActionMask = 2147483647;
			dstPath = /usr/share/man/man1/;
			dstSubfolderSpec = 0;
			files = (
			);
			runOnlyForDeploymentPostprocessing = 1;
		};
/* End PBXCopyFilesBuildPhase section */

/* Begin PBXFileReference section */
		00140EE81EB49BE300992C1B /* SmallDifferenceTests.swift */ = {isa = PBXFileReference; fileEncoding = 4; lastKnownFileType = sourcecode.swift; path = SmallDifferenceTests.swift; sourceTree = "<group>"; };
		00140EEA1EB5D8C800992C1B /* MatrixRotation.swift */ = {isa = PBXFileReference; fileEncoding = 4; lastKnownFileType = sourcecode.swift; path = MatrixRotation.swift; sourceTree = "<group>"; };
		00140EF01EB5E18A00992C1B /* MatrixRotationTests.swift */ = {isa = PBXFileReference; fileEncoding = 4; lastKnownFileType = sourcecode.swift; path = MatrixRotationTests.swift; sourceTree = "<group>"; };
		00140EF21EB617FD00992C1B /* StringRotation.swift */ = {isa = PBXFileReference; fileEncoding = 4; lastKnownFileType = sourcecode.swift; path = StringRotation.swift; sourceTree = "<group>"; };
		00140EF41EB61D3D00992C1B /* StringRotationTests.swift */ = {isa = PBXFileReference; fileEncoding = 4; lastKnownFileType = sourcecode.swift; path = StringRotationTests.swift; sourceTree = "<group>"; };
		00140EFC1EB8A53E00992C1B /* IsLinkedListPalindrome.swift */ = {isa = PBXFileReference; fileEncoding = 4; lastKnownFileType = sourcecode.swift; path = IsLinkedListPalindrome.swift; sourceTree = "<group>"; };
		0017C9CB1EACF84C00E5E749 /* AreCharactersUniqueTests.swift */ = {isa = PBXFileReference; fileEncoding = 4; lastKnownFileType = sourcecode.swift; name = AreCharactersUniqueTests.swift; path = "../String-matching/AreCharactersUniqueTests.swift"; sourceTree = "<group>"; };
		0017C9CD1EAF04F500E5E749 /* ReplaceSpaces.swift */ = {isa = PBXFileReference; fileEncoding = 4; lastKnownFileType = sourcecode.swift; path = ReplaceSpaces.swift; sourceTree = "<group>"; };
		0017C9CF1EAF08E900E5E749 /* ReplaceSpacesTests.swift */ = {isa = PBXFileReference; fileEncoding = 4; lastKnownFileType = sourcecode.swift; name = ReplaceSpacesTests.swift; path = "../String-matching/ReplaceSpacesTests.swift"; sourceTree = "<group>"; };
		0017C9D11EB065C300E5E749 /* IsPermutationOfPalindrome.swift */ = {isa = PBXFileReference; fileEncoding = 4; lastKnownFileType = sourcecode.swift; path = IsPermutationOfPalindrome.swift; sourceTree = "<group>"; };
		0017C9D31EB068AB00E5E749 /* IsPermutationOfPalindromeTests.swift */ = {isa = PBXFileReference; fileEncoding = 4; lastKnownFileType = sourcecode.swift; name = IsPermutationOfPalindromeTests.swift; path = "../String-matching/IsPermutationOfPalindromeTests.swift"; sourceTree = "<group>"; };
		0017C9D51EB31B9C00E5E749 /* SmallDifference.swift */ = {isa = PBXFileReference; fileEncoding = 4; lastKnownFileType = sourcecode.swift; path = SmallDifference.swift; sourceTree = "<group>"; };
		003DB8841DCD30A600B51FCC /* UnitTests.xctest */ = {isa = PBXFileReference; explicitFileType = wrapper.cfbundle; includeInIndex = 0; path = UnitTests.xctest; sourceTree = BUILT_PRODUCTS_DIR; };
		003DB8881DCD30A600B51FCC /* Info.plist */ = {isa = PBXFileReference; lastKnownFileType = text.plist.xml; path = Info.plist; sourceTree = "<group>"; };
		003DB8931DCD3F4800B51FCC /* KeyValuePair.swift */ = {isa = PBXFileReference; fileEncoding = 4; lastKnownFileType = sourcecode.swift; path = KeyValuePair.swift; sourceTree = "<group>"; };
		00546D651A33981000A043A7 /* Algorithmia */ = {isa = PBXFileReference; explicitFileType = "compiled.mach-o.executable"; includeInIndex = 0; path = Algorithmia; sourceTree = BUILT_PRODUCTS_DIR; };
		00546D791A37A06200A043A7 /* utils.c */ = {isa = PBXFileReference; fileEncoding = 4; lastKnownFileType = sourcecode.c.c; path = utils.c; sourceTree = "<group>"; };
		00546D7A1A37A06200A043A7 /* utils.h */ = {isa = PBXFileReference; fileEncoding = 4; lastKnownFileType = sourcecode.c.h; path = utils.h; sourceTree = "<group>"; };
		007870581EEF44DD002514CB /* Stack.swift */ = {isa = PBXFileReference; lastKnownFileType = sourcecode.swift; path = Stack.swift; sourceTree = "<group>"; };
		007870591EEF453F002514CB /* StackBasedOnLinkedList.swift */ = {isa = PBXFileReference; lastKnownFileType = sourcecode.swift; path = StackBasedOnLinkedList.swift; sourceTree = "<group>"; };
		0078705A1EEF453F002514CB /* MinMaxStack.swift */ = {isa = PBXFileReference; lastKnownFileType = sourcecode.swift; path = MinMaxStack.swift; sourceTree = "<group>"; };
		007870611EEF46CC002514CB /* SinglyLinkedList.swift */ = {isa = PBXFileReference; lastKnownFileType = sourcecode.swift; path = SinglyLinkedList.swift; sourceTree = "<group>"; };
		007870621EEF46CC002514CB /* SumNumbersRepresentedByLinkedList.swift */ = {isa = PBXFileReference; lastKnownFileType = sourcecode.swift; path = SumNumbersRepresentedByLinkedList.swift; sourceTree = "<group>"; };
		007870661EEF48F5002514CB /* BasicBinarySearchTree.swift */ = {isa = PBXFileReference; lastKnownFileType = sourcecode.swift; path = BasicBinarySearchTree.swift; sourceTree = "<group>"; };
		007870671EEF48F5002514CB /* BinaryHeap.swift */ = {isa = PBXFileReference; lastKnownFileType = sourcecode.swift; path = BinaryHeap.swift; sourceTree = "<group>"; };
		007870681EEF48F5002514CB /* BinaryTree.swift */ = {isa = PBXFileReference; lastKnownFileType = sourcecode.swift; path = BinaryTree.swift; sourceTree = "<group>"; };
		007870691EEF48F5002514CB /* RedBlackBinarySearchTree.swift */ = {isa = PBXFileReference; lastKnownFileType = sourcecode.swift; path = RedBlackBinarySearchTree.swift; sourceTree = "<group>"; };
		0078706A1EEF48F5002514CB /* SinglyThreadedBinarySearchTree.swift */ = {isa = PBXFileReference; lastKnownFileType = sourcecode.swift; path = SinglyThreadedBinarySearchTree.swift; sourceTree = "<group>"; };
		0078706B1EEF48F5002514CB /* TreeTraversals.swift */ = {isa = PBXFileReference; lastKnownFileType = sourcecode.swift; path = TreeTraversals.swift; sourceTree = "<group>"; };
		007870731EEF499B002514CB /* ArrayBasedHeap.swift */ = {isa = PBXFileReference; lastKnownFileType = sourcecode.swift; path = ArrayBasedHeap.swift; sourceTree = "<group>"; };
		007870741EEF499B002514CB /* BoundedHeightPriorityQueue.swift */ = {isa = PBXFileReference; lastKnownFileType = sourcecode.swift; path = BoundedHeightPriorityQueue.swift; sourceTree = "<group>"; };
		007870751EEF499B002514CB /* PriorityQueue.swift */ = {isa = PBXFileReference; lastKnownFileType = sourcecode.swift; path = PriorityQueue.swift; sourceTree = "<group>"; };
		007870761EEF499B002514CB /* Queue.swift */ = {isa = PBXFileReference; lastKnownFileType = sourcecode.swift; path = Queue.swift; sourceTree = "<group>"; };
		0078707C1EEF4CB8002514CB /* measurement.c */ = {isa = PBXFileReference; lastKnownFileType = sourcecode.c.c; path = measurement.c; sourceTree = "<group>"; };
		0078707D1EEF4CB8002514CB /* measurement.h */ = {isa = PBXFileReference; lastKnownFileType = sourcecode.c.h; path = measurement.h; sourceTree = "<group>"; };
		0078707F1EEF4CB8002514CB /* exchange_sort.c */ = {isa = PBXFileReference; lastKnownFileType = sourcecode.c.c; path = exchange_sort.c; sourceTree = "<group>"; };
		007870801EEF4CB8002514CB /* exchange_sort.h */ = {isa = PBXFileReference; lastKnownFileType = sourcecode.c.h; path = exchange_sort.h; sourceTree = "<group>"; };
		007870811EEF4CB8002514CB /* insertion_sort.c */ = {isa = PBXFileReference; lastKnownFileType = sourcecode.c.c; path = insertion_sort.c; sourceTree = "<group>"; };
		007870821EEF4CB8002514CB /* insertion_sort.h */ = {isa = PBXFileReference; lastKnownFileType = sourcecode.c.h; path = insertion_sort.h; sourceTree = "<group>"; };
		007870831EEF4CB8002514CB /* main.c */ = {isa = PBXFileReference; lastKnownFileType = sourcecode.c.c; path = main.c; sourceTree = "<group>"; };
		007870841EEF4CB8002514CB /* sorting.h */ = {isa = PBXFileReference; lastKnownFileType = sourcecode.c.h; path = sorting.h; sourceTree = "<group>"; };
		007870851EEF4CB8002514CB /* utils.c */ = {isa = PBXFileReference; lastKnownFileType = sourcecode.c.c; path = utils.c; sourceTree = "<group>"; };
		007870861EEF4CB8002514CB /* utils.h */ = {isa = PBXFileReference; lastKnownFileType = sourcecode.c.h; path = utils.h; sourceTree = "<group>"; };
		0078708E1EF00B68002514CB /* IsLinkedListPalindromeTests.swift */ = {isa = PBXFileReference; lastKnownFileType = sourcecode.swift; path = IsLinkedListPalindromeTests.swift; sourceTree = "<group>"; };
		0078708F1EF00B68002514CB /* SingleLinkedListTests.swift */ = {isa = PBXFileReference; lastKnownFileType = sourcecode.swift; path = SingleLinkedListTests.swift; sourceTree = "<group>"; };
		007870911EF00B68002514CB /* ArrayBasedHeapTests.swift */ = {isa = PBXFileReference; lastKnownFileType = sourcecode.swift; path = ArrayBasedHeapTests.swift; sourceTree = "<group>"; };
		007870921EF00B68002514CB /* BoundedHeightPriorityQueueTests.swift */ = {isa = PBXFileReference; lastKnownFileType = sourcecode.swift; path = BoundedHeightPriorityQueueTests.swift; sourceTree = "<group>"; };
		007870941EF00B68002514CB /* MinMaxStackTests.swift */ = {isa = PBXFileReference; lastKnownFileType = sourcecode.swift; path = MinMaxStackTests.swift; sourceTree = "<group>"; };
		007870951EF00B68002514CB /* StackBasedOnLinkedListTests.swift */ = {isa = PBXFileReference; lastKnownFileType = sourcecode.swift; path = StackBasedOnLinkedListTests.swift; sourceTree = "<group>"; };
		007870971EF00B68002514CB /* BasicBinaryHeapTests.swift */ = {isa = PBXFileReference; lastKnownFileType = sourcecode.swift; path = BasicBinaryHeapTests.swift; sourceTree = "<group>"; };
		007870981EF00B68002514CB /* BasicBinarySearchTreeTests.swift */ = {isa = PBXFileReference; lastKnownFileType = sourcecode.swift; path = BasicBinarySearchTreeTests.swift; sourceTree = "<group>"; };
		007870991EF00B68002514CB /* RedBlackBinarySearchTreeTests.swift */ = {isa = PBXFileReference; lastKnownFileType = sourcecode.swift; path = RedBlackBinarySearchTreeTests.swift; sourceTree = "<group>"; };
		0078709A1EF00B68002514CB /* SinglyThreadedBinarySearchTreeTests.swift */ = {isa = PBXFileReference; lastKnownFileType = sourcecode.swift; path = SinglyThreadedBinarySearchTreeTests.swift; sourceTree = "<group>"; };
		008AD4031EF14F9E004A2590 /* Graph.swift */ = {isa = PBXFileReference; lastKnownFileType = sourcecode.swift; path = Graph.swift; sourceTree = "<group>"; };
		008AD4051EF152E2004A2590 /* AdjacencyListGraph.swift */ = {isa = PBXFileReference; lastKnownFileType = sourcecode.swift; path = AdjacencyListGraph.swift; sourceTree = "<group>"; };
		008AD40B1EF2AAFA004A2590 /* TopologicalSortingTests.swift */ = {isa = PBXFileReference; lastKnownFileType = sourcecode.swift; path = TopologicalSortingTests.swift; sourceTree = "<group>"; };
		00AC08561E9EA8BA007B0414 /* FindNumberThatHaveGivenSumOrDiff.swift */ = {isa = PBXFileReference; fileEncoding = 4; lastKnownFileType = sourcecode.swift; path = FindNumberThatHaveGivenSumOrDiff.swift; sourceTree = "<group>"; };
		00AC08591E9EB191007B0414 /* FindNumberThatHaveGivenSumTests.swift */ = {isa = PBXFileReference; fileEncoding = 4; lastKnownFileType = sourcecode.swift; path = FindNumberThatHaveGivenSumTests.swift; sourceTree = "<group>"; };
		00AC085B1E9F5EAD007B0414 /* Base_DNumberFromDigits.swift */ = {isa = PBXFileReference; fileEncoding = 4; lastKnownFileType = sourcecode.swift; path = Base_DNumberFromDigits.swift; sourceTree = "<group>"; };
		00AC085D1E9F5F9C007B0414 /* Base_DNumberFromDigitsTests.swift */ = {isa = PBXFileReference; fileEncoding = 4; lastKnownFileType = sourcecode.swift; path = Base_DNumberFromDigitsTests.swift; sourceTree = "<group>"; };
		00AC085F1EA0CC3A007B0414 /* RabinKarpAlgorithm.swift */ = {isa = PBXFileReference; fileEncoding = 4; lastKnownFileType = sourcecode.swift; path = RabinKarpAlgorithm.swift; sourceTree = "<group>"; };
		00AC08611EA135C0007B0414 /* RabinKarpAlgorithmTests.swift */ = {isa = PBXFileReference; fileEncoding = 4; lastKnownFileType = sourcecode.swift; path = RabinKarpAlgorithmTests.swift; sourceTree = "<group>"; };
		00ADA00A1EF6C50300AF030B /* AdjacencyListGraphTests.swift */ = {isa = PBXFileReference; lastKnownFileType = sourcecode.swift; path = AdjacencyListGraphTests.swift; sourceTree = "<group>"; };
		00AECD8B1E9CB745007E8458 /* FindAllPermutations.swift */ = {isa = PBXFileReference; fileEncoding = 4; lastKnownFileType = sourcecode.swift; path = FindAllPermutations.swift; sourceTree = "<group>"; };
		00AECD8F1E9E7D7D007E8458 /* FindAllPermutationTests.swift */ = {isa = PBXFileReference; fileEncoding = 4; lastKnownFileType = sourcecode.swift; path = FindAllPermutationTests.swift; sourceTree = "<group>"; };
		00BBA4DB1EA4049200E26C3A /* BoyerMooreAlgorithm.swift */ = {isa = PBXFileReference; fileEncoding = 4; lastKnownFileType = sourcecode.swift; path = BoyerMooreAlgorithm.swift; sourceTree = "<group>"; };
		00BBA4DD1EA638F600E26C3A /* String+Extensions.swift */ = {isa = PBXFileReference; fileEncoding = 4; lastKnownFileType = sourcecode.swift; path = "String+Extensions.swift"; sourceTree = "<group>"; };
		00BBA4DF1EA639DA00E26C3A /* Int+Extensions.swift */ = {isa = PBXFileReference; fileEncoding = 4; lastKnownFileType = sourcecode.swift; path = "Int+Extensions.swift"; sourceTree = "<group>"; };
		00BBA4E21EA63CC800E26C3A /* BoyerMooreAlgorithmTests.swift */ = {isa = PBXFileReference; fileEncoding = 4; lastKnownFileType = sourcecode.swift; path = BoyerMooreAlgorithmTests.swift; sourceTree = "<group>"; };
		00BBA4E41EACF10800E26C3A /* AreCharactersUnique.swift */ = {isa = PBXFileReference; fileEncoding = 4; lastKnownFileType = sourcecode.swift; path = AreCharactersUnique.swift; sourceTree = "<group>"; };
		00E466121EBE5FF9009BFD2C /* SampleProtocolsWithAssociatedTypes.swift */ = {isa = PBXFileReference; fileEncoding = 4; lastKnownFileType = sourcecode.swift; path = SampleProtocolsWithAssociatedTypes.swift; sourceTree = "<group>"; };
/* End PBXFileReference section */

/* Begin PBXFrameworksBuildPhase section */
		003DB8811DCD30A600B51FCC /* Frameworks */ = {
			isa = PBXFrameworksBuildPhase;
			buildActionMask = 2147483647;
			files = (
			);
			runOnlyForDeploymentPostprocessing = 0;
		};
		00546D621A33981000A043A7 /* Frameworks */ = {
			isa = PBXFrameworksBuildPhase;
			buildActionMask = 2147483647;
			files = (
			);
			runOnlyForDeploymentPostprocessing = 0;
		};
/* End PBXFrameworksBuildPhase section */

/* Begin PBXGroup section */
		003DB8851DCD30A600B51FCC /* UnitTests */ = {
			isa = PBXGroup;
			children = (
				00AC08581E9EB15E007B0414 /* Generic problems */,
				00AECD8E1E9E7C89007E8458 /* String-matching */,
				0078708C1EF00B68002514CB /* Data Structures */,
				003DB8881DCD30A600B51FCC /* Info.plist */,
			);
			path = UnitTests;
			sourceTree = "<group>";
		};
		003DB88C1DCD30E400B51FCC /* Data Structures */ = {
			isa = PBXGroup;
			children = (
				007870571EEF445F002514CB /* Stacks */,
				007870601EEF46CC002514CB /* Lists */,
				008AD4021EF14F3C004A2590 /* Graphs */,
				007870651EEF48F5002514CB /* Trees */,
				007870721EEF499B002514CB /* PriorityQueues */,
				003DB8931DCD3F4800B51FCC /* KeyValuePair.swift */,
			);
			path = "Data Structures";
			sourceTree = "<group>";
		};
		00546D5C1A33981000A043A7 = {
			isa = PBXGroup;
			children = (
				00546D671A33981000A043A7 /* Algorithmia */,
				003DB8851DCD30A600B51FCC /* UnitTests */,
				00546D661A33981000A043A7 /* Products */,
			);
			sourceTree = "<group>";
		};
		00546D661A33981000A043A7 /* Products */ = {
			isa = PBXGroup;
			children = (
				00546D651A33981000A043A7 /* Algorithmia */,
				003DB8841DCD30A600B51FCC /* UnitTests.xctest */,
			);
			name = Products;
			sourceTree = "<group>";
		};
		00546D671A33981000A043A7 /* Algorithmia */ = {
			isa = PBXGroup;
			children = (
				003DB88C1DCD30E400B51FCC /* Data Structures */,
				00546D781A37A04600A043A7 /* Utils */,
				0078707B1EEF4CB8002514CB /* Measurament */,
				0078707E1EEF4CB8002514CB /* Sorting */,
				00AC08551E9EA85C007B0414 /* Generic problems */,
				00AECD8A1E9CB705007E8458 /* String-matching */,
			);
			path = Algorithmia;
			sourceTree = "<group>";
		};
		00546D781A37A04600A043A7 /* Utils */ = {
			isa = PBXGroup;
			children = (
				00546D7A1A37A06200A043A7 /* utils.h */,
				00546D791A37A06200A043A7 /* utils.c */,
				00BBA4DD1EA638F600E26C3A /* String+Extensions.swift */,
				00BBA4DF1EA639DA00E26C3A /* Int+Extensions.swift */,
			);
			name = Utils;
			sourceTree = "<group>";
		};
		007870571EEF445F002514CB /* Stacks */ = {
			isa = PBXGroup;
			children = (
				0078705A1EEF453F002514CB /* MinMaxStack.swift */,
				007870591EEF453F002514CB /* StackBasedOnLinkedList.swift */,
				007870581EEF44DD002514CB /* Stack.swift */,
			);
			path = Stacks;
			sourceTree = "<group>";
		};
		007870601EEF46CC002514CB /* Lists */ = {
			isa = PBXGroup;
			children = (
				007870611EEF46CC002514CB /* SinglyLinkedList.swift */,
				007870621EEF46CC002514CB /* SumNumbersRepresentedByLinkedList.swift */,
			);
			path = Lists;
			sourceTree = "<group>";
		};
		007870651EEF48F5002514CB /* Trees */ = {
			isa = PBXGroup;
			children = (
				007870661EEF48F5002514CB /* BasicBinarySearchTree.swift */,
				007870671EEF48F5002514CB /* BinaryHeap.swift */,
				007870681EEF48F5002514CB /* BinaryTree.swift */,
				007870691EEF48F5002514CB /* RedBlackBinarySearchTree.swift */,
				0078706A1EEF48F5002514CB /* SinglyThreadedBinarySearchTree.swift */,
				0078706B1EEF48F5002514CB /* TreeTraversals.swift */,
			);
			path = Trees;
			sourceTree = "<group>";
		};
		007870721EEF499B002514CB /* PriorityQueues */ = {
			isa = PBXGroup;
			children = (
				007870731EEF499B002514CB /* ArrayBasedHeap.swift */,
				007870741EEF499B002514CB /* BoundedHeightPriorityQueue.swift */,
				007870751EEF499B002514CB /* PriorityQueue.swift */,
				007870761EEF499B002514CB /* Queue.swift */,
			);
			path = PriorityQueues;
			sourceTree = "<group>";
		};
		0078707B1EEF4CB8002514CB /* Measurament */ = {
			isa = PBXGroup;
			children = (
				0078707D1EEF4CB8002514CB /* measurement.h */,
				0078707C1EEF4CB8002514CB /* measurement.c */,
			);
			path = Measurament;
			sourceTree = "<group>";
		};
		0078707E1EEF4CB8002514CB /* Sorting */ = {
			isa = PBXGroup;
			children = (
				007870841EEF4CB8002514CB /* sorting.h */,
				007870801EEF4CB8002514CB /* exchange_sort.h */,
				0078707F1EEF4CB8002514CB /* exchange_sort.c */,
				007870821EEF4CB8002514CB /* insertion_sort.h */,
				007870811EEF4CB8002514CB /* insertion_sort.c */,
				007870831EEF4CB8002514CB /* main.c */,
				007870861EEF4CB8002514CB /* utils.h */,
				007870851EEF4CB8002514CB /* utils.c */,
			);
			path = Sorting;
			sourceTree = "<group>";
		};
		0078708C1EF00B68002514CB /* Data Structures */ = {
			isa = PBXGroup;
			children = (
				008AD40A1EF2AADF004A2590 /* Graphs */,
				0078708D1EF00B68002514CB /* Lists */,
				007870901EF00B68002514CB /* Priority Queues */,
				007870931EF00B68002514CB /* Stacks */,
				007870961EF00B68002514CB /* Trees */,
			);
			path = "Data Structures";
			sourceTree = "<group>";
		};
		0078708D1EF00B68002514CB /* Lists */ = {
			isa = PBXGroup;
			children = (
				0078708E1EF00B68002514CB /* IsLinkedListPalindromeTests.swift */,
				0078708F1EF00B68002514CB /* SingleLinkedListTests.swift */,
			);
			path = Lists;
			sourceTree = "<group>";
		};
		007870901EF00B68002514CB /* Priority Queues */ = {
			isa = PBXGroup;
			children = (
				007870911EF00B68002514CB /* ArrayBasedHeapTests.swift */,
				007870921EF00B68002514CB /* BoundedHeightPriorityQueueTests.swift */,
			);
			path = "Priority Queues";
			sourceTree = "<group>";
		};
		007870931EF00B68002514CB /* Stacks */ = {
			isa = PBXGroup;
			children = (
				007870941EF00B68002514CB /* MinMaxStackTests.swift */,
				007870951EF00B68002514CB /* StackBasedOnLinkedListTests.swift */,
			);
			path = Stacks;
			sourceTree = "<group>";
		};
		007870961EF00B68002514CB /* Trees */ = {
			isa = PBXGroup;
			children = (
				007870971EF00B68002514CB /* BasicBinaryHeapTests.swift */,
				007870981EF00B68002514CB /* BasicBinarySearchTreeTests.swift */,
				007870991EF00B68002514CB /* RedBlackBinarySearchTreeTests.swift */,
				0078709A1EF00B68002514CB /* SinglyThreadedBinarySearchTreeTests.swift */,
			);
			path = Trees;
			sourceTree = "<group>";
		};
		008AD4021EF14F3C004A2590 /* Graphs */ = {
			isa = PBXGroup;
			children = (
				008AD4031EF14F9E004A2590 /* Graph.swift */,
				008AD4051EF152E2004A2590 /* AdjacencyListGraph.swift */,
			);
			path = Graphs;
			sourceTree = "<group>";
		};
		008AD40A1EF2AADF004A2590 /* Graphs */ = {
			isa = PBXGroup;
			children = (
				008AD40B1EF2AAFA004A2590 /* TopologicalSortingTests.swift */,
				00ADA00A1EF6C50300AF030B /* AdjacencyListGraphTests.swift */,
			);
			path = Graphs;
			sourceTree = "<group>";
		};
		00AC08551E9EA85C007B0414 /* Generic problems */ = {
			isa = PBXGroup;
			children = (
				00140EFC1EB8A53E00992C1B /* IsLinkedListPalindrome.swift */,
				00AC08561E9EA8BA007B0414 /* FindNumberThatHaveGivenSumOrDiff.swift */,
				00AC085B1E9F5EAD007B0414 /* Base_DNumberFromDigits.swift */,
				00BBA4E41EACF10800E26C3A /* AreCharactersUnique.swift */,
				0017C9CD1EAF04F500E5E749 /* ReplaceSpaces.swift */,
				0017C9D11EB065C300E5E749 /* IsPermutationOfPalindrome.swift */,
				0017C9D51EB31B9C00E5E749 /* SmallDifference.swift */,
				00140EEA1EB5D8C800992C1B /* MatrixRotation.swift */,
				00140EF21EB617FD00992C1B /* StringRotation.swift */,
				00E466121EBE5FF9009BFD2C /* SampleProtocolsWithAssociatedTypes.swift */,
			);
			path = "Generic problems";
			sourceTree = "<group>";
		};
		00AC08581E9EB15E007B0414 /* Generic problems */ = {
			isa = PBXGroup;
			children = (
				00AC08591E9EB191007B0414 /* FindNumberThatHaveGivenSumTests.swift */,
				0017C9CB1EACF84C00E5E749 /* AreCharactersUniqueTests.swift */,
				0017C9CF1EAF08E900E5E749 /* ReplaceSpacesTests.swift */,
				0017C9D31EB068AB00E5E749 /* IsPermutationOfPalindromeTests.swift */,
				00AC085D1E9F5F9C007B0414 /* Base_DNumberFromDigitsTests.swift */,
				00140EE81EB49BE300992C1B /* SmallDifferenceTests.swift */,
				00140EF01EB5E18A00992C1B /* MatrixRotationTests.swift */,
				00140EF41EB61D3D00992C1B /* StringRotationTests.swift */,
			);
			path = "Generic problems";
			sourceTree = "<group>";
		};
		00AECD8A1E9CB705007E8458 /* String-matching */ = {
			isa = PBXGroup;
			children = (
				00AECD8B1E9CB745007E8458 /* FindAllPermutations.swift */,
				00AC085F1EA0CC3A007B0414 /* RabinKarpAlgorithm.swift */,
				00BBA4DB1EA4049200E26C3A /* BoyerMooreAlgorithm.swift */,
			);
			path = "String-matching";
			sourceTree = "<group>";
		};
		00AECD8E1E9E7C89007E8458 /* String-matching */ = {
			isa = PBXGroup;
			children = (
				00AECD8F1E9E7D7D007E8458 /* FindAllPermutationTests.swift */,
				00AC08611EA135C0007B0414 /* RabinKarpAlgorithmTests.swift */,
				00BBA4E21EA63CC800E26C3A /* BoyerMooreAlgorithmTests.swift */,
			);
			path = "String-matching";
			sourceTree = "<group>";
		};
/* End PBXGroup section */

/* Begin PBXNativeTarget section */
		003DB8831DCD30A600B51FCC /* UnitTests */ = {
			isa = PBXNativeTarget;
			buildConfigurationList = 003DB88B1DCD30A600B51FCC /* Build configuration list for PBXNativeTarget "UnitTests" */;
			buildPhases = (
				003DB8801DCD30A600B51FCC /* Sources */,
				003DB8811DCD30A600B51FCC /* Frameworks */,
				003DB8821DCD30A600B51FCC /* Resources */,
			);
			buildRules = (
			);
			dependencies = (
			);
			name = UnitTests;
			productName = UnitTests;
			productReference = 003DB8841DCD30A600B51FCC /* UnitTests.xctest */;
			productType = "com.apple.product-type.bundle.unit-test";
		};
		00546D641A33981000A043A7 /* Algorithmia */ = {
			isa = PBXNativeTarget;
			buildConfigurationList = 00546D6C1A33981000A043A7 /* Build configuration list for PBXNativeTarget "Algorithmia" */;
			buildPhases = (
				00546D611A33981000A043A7 /* Sources */,
				00546D621A33981000A043A7 /* Frameworks */,
				00546D631A33981000A043A7 /* CopyFiles */,
			);
			buildRules = (
			);
			dependencies = (
			);
			name = Algorithmia;
			productName = Algorithmia;
			productReference = 00546D651A33981000A043A7 /* Algorithmia */;
			productType = "com.apple.product-type.tool";
		};
/* End PBXNativeTarget section */

/* Begin PBXProject section */
		00546D5D1A33981000A043A7 /* Project object */ = {
			isa = PBXProject;
			attributes = {
				LastSwiftUpdateCheck = 0810;
				LastUpgradeCheck = 0900;
				ORGANIZATIONNAME = "Borja Arias Drake";
				TargetAttributes = {
					003DB8831DCD30A600B51FCC = {
						CreatedOnToolsVersion = 8.1;
						DevelopmentTeam = HDWMV7DY5P;
						LastSwiftMigration = 0900;
						ProvisioningStyle = Automatic;
					};
					00546D641A33981000A043A7 = {
						CreatedOnToolsVersion = 6.1.1;
					};
				};
			};
			buildConfigurationList = 00546D601A33981000A043A7 /* Build configuration list for PBXProject "Algorithmia" */;
			compatibilityVersion = "Xcode 3.2";
			developmentRegion = English;
			hasScannedForEncodings = 0;
			knownRegions = (
				en,
			);
			mainGroup = 00546D5C1A33981000A043A7;
			productRefGroup = 00546D661A33981000A043A7 /* Products */;
			projectDirPath = "";
			projectRoot = "";
			targets = (
				00546D641A33981000A043A7 /* Algorithmia */,
				003DB8831DCD30A600B51FCC /* UnitTests */,
			);
		};
/* End PBXProject section */

/* Begin PBXResourcesBuildPhase section */
		003DB8821DCD30A600B51FCC /* Resources */ = {
			isa = PBXResourcesBuildPhase;
			buildActionMask = 2147483647;
			files = (
			);
			runOnlyForDeploymentPostprocessing = 0;
		};
/* End PBXResourcesBuildPhase section */

/* Begin PBXSourcesBuildPhase section */
		003DB8801DCD30A600B51FCC /* Sources */ = {
			isa = PBXSourcesBuildPhase;
			buildActionMask = 2147483647;
			files = (
				007870A21EF00B72002514CB /* BasicBinarySearchTreeTests.swift in Sources */,
				0078705E1EEF45C2002514CB /* StackBasedOnLinkedList.swift in Sources */,
				007870A11EF00B72002514CB /* BasicBinaryHeapTests.swift in Sources */,
				00AC085A1E9EB191007B0414 /* FindNumberThatHaveGivenSumTests.swift in Sources */,
				0017C9D01EAF08E900E5E749 /* ReplaceSpacesTests.swift in Sources */,
				00BBA4E01EA639DA00E26C3A /* Int+Extensions.swift in Sources */,
				0078709F1EF00B72002514CB /* MinMaxStackTests.swift in Sources */,
				00AC085C1E9F5EAD007B0414 /* Base_DNumberFromDigits.swift in Sources */,
				0017C9CE1EAF04F500E5E749 /* ReplaceSpaces.swift in Sources */,
				0017C9D21EB065C300E5E749 /* IsPermutationOfPalindrome.swift in Sources */,
				007870771EEF49A2002514CB /* ArrayBasedHeap.swift in Sources */,
				00E466131EBE5FF9009BFD2C /* SampleProtocolsWithAssociatedTypes.swift in Sources */,
				0078707A1EEF49A2002514CB /* Queue.swift in Sources */,
				0078706E1EEF48FA002514CB /* BinaryTree.swift in Sources */,
				0078709C1EF00B72002514CB /* SingleLinkedListTests.swift in Sources */,
				007870A01EF00B72002514CB /* StackBasedOnLinkedListTests.swift in Sources */,
				00140EF31EB617FD00992C1B /* StringRotation.swift in Sources */,
				00140EEB1EB5D8C800992C1B /* MatrixRotation.swift in Sources */,
				0078706D1EEF48FA002514CB /* BinaryHeap.swift in Sources */,
				00BBA4DE1EA638F600E26C3A /* String+Extensions.swift in Sources */,
				0078706F1EEF48FA002514CB /* RedBlackBinarySearchTree.swift in Sources */,
				007870A41EF00B72002514CB /* SinglyThreadedBinarySearchTreeTests.swift in Sources */,
				00BBA4E51EACF10800E26C3A /* AreCharactersUnique.swift in Sources */,
				0017C9D61EB31B9C00E5E749 /* SmallDifference.swift in Sources */,
				00140EF51EB61D3D00992C1B /* StringRotationTests.swift in Sources */,
				007870A31EF00B72002514CB /* RedBlackBinarySearchTreeTests.swift in Sources */,
				007870791EEF49A2002514CB /* PriorityQueue.swift in Sources */,
				00AECD901E9E7D7D007E8458 /* FindAllPermutationTests.swift in Sources */,
				0078705F1EEF45C2002514CB /* Stack.swift in Sources */,
				0078709D1EF00B72002514CB /* ArrayBasedHeapTests.swift in Sources */,
				0017C9D41EB068AB00E5E749 /* IsPermutationOfPalindromeTests.swift in Sources */,
				008AD4041EF14F9E004A2590 /* Graph.swift in Sources */,
				00AECD8C1E9CB745007E8458 /* FindAllPermutations.swift in Sources */,
				00AC08571E9EA8BA007B0414 /* FindNumberThatHaveGivenSumOrDiff.swift in Sources */,
				007870711EEF48FA002514CB /* TreeTraversals.swift in Sources */,
				00BBA4E31EA63CC800E26C3A /* BoyerMooreAlgorithmTests.swift in Sources */,
				0078709B1EF00B72002514CB /* IsLinkedListPalindromeTests.swift in Sources */,
				007870781EEF49A2002514CB /* BoundedHeightPriorityQueue.swift in Sources */,
				007870511EEDAC90002514CB /* IsLinkedListPalindrome.swift in Sources */,
				00BBA4E11EA63A1200E26C3A /* BoyerMooreAlgorithm.swift in Sources */,
				00140EE91EB49BE300992C1B /* SmallDifferenceTests.swift in Sources */,
				0078709E1EF00B72002514CB /* BoundedHeightPriorityQueueTests.swift in Sources */,
				0078706C1EEF48FA002514CB /* BasicBinarySearchTree.swift in Sources */,
				008AD4061EF152E2004A2590 /* AdjacencyListGraph.swift in Sources */,
				0078705D1EEF45C2002514CB /* MinMaxStack.swift in Sources */,
				008AD40C1EF2AAFA004A2590 /* TopologicalSortingTests.swift in Sources */,
				0017C9CC1EACF84C00E5E749 /* AreCharactersUniqueTests.swift in Sources */,
				007870701EEF48FA002514CB /* SinglyThreadedBinarySearchTree.swift in Sources */,
				007870631EEF46D2002514CB /* SumNumbersRepresentedByLinkedList.swift in Sources */,
				00AC08601EA0CC3A007B0414 /* RabinKarpAlgorithm.swift in Sources */,
				00AC08621EA135C0007B0414 /* RabinKarpAlgorithmTests.swift in Sources */,
				00ADA00B1EF6C50300AF030B /* AdjacencyListGraphTests.swift in Sources */,
				00140EF11EB5E18A00992C1B /* MatrixRotationTests.swift in Sources */,
				003DB8941DCD3F4800B51FCC /* KeyValuePair.swift in Sources */,
				00AC085E1E9F5F9C007B0414 /* Base_DNumberFromDigitsTests.swift in Sources */,
				007870641EEF46D5002514CB /* SinglyLinkedList.swift in Sources */,
			);
			runOnlyForDeploymentPostprocessing = 0;
		};
		00546D611A33981000A043A7 /* Sources */ = {
			isa = PBXSourcesBuildPhase;
			buildActionMask = 2147483647;
			files = (
				0078708A1EEF4CCF002514CB /* main.c in Sources */,
				007870881EEF4CCF002514CB /* exchange_sort.c in Sources */,
				007870871EEF4CCF002514CB /* measurement.c in Sources */,
				0078708B1EEF4CCF002514CB /* utils.c in Sources */,
				00546D7B1A37A06200A043A7 /* utils.c in Sources */,
				007870891EEF4CCF002514CB /* insertion_sort.c in Sources */,
			);
			runOnlyForDeploymentPostprocessing = 0;
		};
/* End PBXSourcesBuildPhase section */

/* Begin XCBuildConfiguration section */
		003DB8891DCD30A600B51FCC /* Debug */ = {
			isa = XCBuildConfiguration;
			buildSettings = {
				CLANG_ANALYZER_NONNULL = YES;
				CLANG_WARN_DOCUMENTATION_COMMENTS = YES;
				CLANG_WARN_INFINITE_RECURSION = YES;
				CLANG_WARN_SUSPICIOUS_MOVES = YES;
				"CODE_SIGN_IDENTITY[sdk=iphoneos*]" = "iPhone Developer";
				DEBUG_INFORMATION_FORMAT = dwarf;
				DEVELOPMENT_TEAM = HDWMV7DY5P;
				ENABLE_TESTABILITY = YES;
				GCC_NO_COMMON_BLOCKS = YES;
				INFOPLIST_FILE = UnitTests/Info.plist;
				IPHONEOS_DEPLOYMENT_TARGET = 10.1;
				LD_RUNPATH_SEARCH_PATHS = "$(inherited) @executable_path/Frameworks @loader_path/Frameworks";
				PRODUCT_BUNDLE_IDENTIFIER = com.boasoftware.UnitTests;
				PRODUCT_NAME = "$(TARGET_NAME)";
				SDKROOT = iphoneos;
				SWIFT_ACTIVE_COMPILATION_CONDITIONS = DEBUG;
				SWIFT_OPTIMIZATION_LEVEL = "-Onone";
				SWIFT_SWIFT3_OBJC_INFERENCE = Off;
				SWIFT_VERSION = 4.0;
			};
			name = Debug;
		};
		003DB88A1DCD30A600B51FCC /* Release */ = {
			isa = XCBuildConfiguration;
			buildSettings = {
				CLANG_ANALYZER_NONNULL = YES;
				CLANG_WARN_DOCUMENTATION_COMMENTS = YES;
				CLANG_WARN_INFINITE_RECURSION = YES;
				CLANG_WARN_SUSPICIOUS_MOVES = YES;
				"CODE_SIGN_IDENTITY[sdk=iphoneos*]" = "iPhone Developer";
				COPY_PHASE_STRIP = NO;
				DEVELOPMENT_TEAM = HDWMV7DY5P;
				GCC_NO_COMMON_BLOCKS = YES;
				INFOPLIST_FILE = UnitTests/Info.plist;
				IPHONEOS_DEPLOYMENT_TARGET = 10.1;
				LD_RUNPATH_SEARCH_PATHS = "$(inherited) @executable_path/Frameworks @loader_path/Frameworks";
				PRODUCT_BUNDLE_IDENTIFIER = com.boasoftware.UnitTests;
				PRODUCT_NAME = "$(TARGET_NAME)";
				SDKROOT = iphoneos;
				SWIFT_OPTIMIZATION_LEVEL = "-Owholemodule";
				SWIFT_SWIFT3_OBJC_INFERENCE = Off;
				SWIFT_VERSION = 4.0;
				VALIDATE_PRODUCT = YES;
			};
			name = Release;
		};
		00546D6A1A33981000A043A7 /* Debug */ = {
			isa = XCBuildConfiguration;
			buildSettings = {
				ALWAYS_SEARCH_USER_PATHS = NO;
				CLANG_CXX_LANGUAGE_STANDARD = "gnu++0x";
				CLANG_CXX_LIBRARY = "libc++";
				CLANG_ENABLE_MODULES = YES;
				CLANG_ENABLE_OBJC_ARC = YES;
				CLANG_WARN_BLOCK_CAPTURE_AUTORELEASING = YES;
				CLANG_WARN_BOOL_CONVERSION = YES;
				CLANG_WARN_COMMA = YES;
				CLANG_WARN_CONSTANT_CONVERSION = YES;
				CLANG_WARN_DIRECT_OBJC_ISA_USAGE = YES_ERROR;
				CLANG_WARN_EMPTY_BODY = YES;
				CLANG_WARN_ENUM_CONVERSION = YES;
				CLANG_WARN_INFINITE_RECURSION = YES;
				CLANG_WARN_INT_CONVERSION = YES;
				CLANG_WARN_NON_LITERAL_NULL_CONVERSION = YES;
				CLANG_WARN_OBJC_LITERAL_CONVERSION = YES;
				CLANG_WARN_OBJC_ROOT_CLASS = YES_ERROR;
				CLANG_WARN_RANGE_LOOP_ANALYSIS = YES;
				CLANG_WARN_STRICT_PROTOTYPES = YES;
				CLANG_WARN_SUSPICIOUS_MOVE = YES;
				CLANG_WARN_UNREACHABLE_CODE = YES;
				CLANG_WARN__DUPLICATE_METHOD_MATCH = YES;
				COPY_PHASE_STRIP = NO;
				ENABLE_STRICT_OBJC_MSGSEND = YES;
				ENABLE_TESTABILITY = YES;
				GCC_C_LANGUAGE_STANDARD = gnu99;
				GCC_DYNAMIC_NO_PIC = NO;
				GCC_NO_COMMON_BLOCKS = YES;
				GCC_OPTIMIZATION_LEVEL = 0;
				GCC_PREPROCESSOR_DEFINITIONS = (
					"DEBUG=1",
					"$(inherited)",
				);
				GCC_SYMBOLS_PRIVATE_EXTERN = NO;
				GCC_WARN_64_TO_32_BIT_CONVERSION = YES;
				GCC_WARN_ABOUT_RETURN_TYPE = YES_ERROR;
				GCC_WARN_UNDECLARED_SELECTOR = YES;
				GCC_WARN_UNINITIALIZED_AUTOS = YES_AGGRESSIVE;
				GCC_WARN_UNUSED_FUNCTION = YES;
				GCC_WARN_UNUSED_VARIABLE = YES;
				MACOSX_DEPLOYMENT_TARGET = 10.10;
				MTL_ENABLE_DEBUG_INFO = YES;
				ONLY_ACTIVE_ARCH = YES;
				SDKROOT = macosx;
			};
			name = Debug;
		};
		00546D6B1A33981000A043A7 /* Release */ = {
			isa = XCBuildConfiguration;
			buildSettings = {
				ALWAYS_SEARCH_USER_PATHS = NO;
				CLANG_CXX_LANGUAGE_STANDARD = "gnu++0x";
				CLANG_CXX_LIBRARY = "libc++";
				CLANG_ENABLE_MODULES = YES;
				CLANG_ENABLE_OBJC_ARC = YES;
				CLANG_WARN_BLOCK_CAPTURE_AUTORELEASING = YES;
				CLANG_WARN_BOOL_CONVERSION = YES;
				CLANG_WARN_COMMA = YES;
				CLANG_WARN_CONSTANT_CONVERSION = YES;
				CLANG_WARN_DIRECT_OBJC_ISA_USAGE = YES_ERROR;
				CLANG_WARN_EMPTY_BODY = YES;
				CLANG_WARN_ENUM_CONVERSION = YES;
				CLANG_WARN_INFINITE_RECURSION = YES;
				CLANG_WARN_INT_CONVERSION = YES;
				CLANG_WARN_NON_LITERAL_NULL_CONVERSION = YES;
				CLANG_WARN_OBJC_LITERAL_CONVERSION = YES;
				CLANG_WARN_OBJC_ROOT_CLASS = YES_ERROR;
				CLANG_WARN_RANGE_LOOP_ANALYSIS = YES;
				CLANG_WARN_STRICT_PROTOTYPES = YES;
				CLANG_WARN_SUSPICIOUS_MOVE = YES;
				CLANG_WARN_UNREACHABLE_CODE = YES;
				CLANG_WARN__DUPLICATE_METHOD_MATCH = YES;
				COPY_PHASE_STRIP = YES;
				DEBUG_INFORMATION_FORMAT = "dwarf-with-dsym";
				ENABLE_NS_ASSERTIONS = NO;
				ENABLE_STRICT_OBJC_MSGSEND = YES;
				GCC_C_LANGUAGE_STANDARD = gnu99;
				GCC_NO_COMMON_BLOCKS = YES;
				GCC_WARN_64_TO_32_BIT_CONVERSION = YES;
				GCC_WARN_ABOUT_RETURN_TYPE = YES_ERROR;
				GCC_WARN_UNDECLARED_SELECTOR = YES;
				GCC_WARN_UNINITIALIZED_AUTOS = YES_AGGRESSIVE;
				GCC_WARN_UNUSED_FUNCTION = YES;
				GCC_WARN_UNUSED_VARIABLE = YES;
				MACOSX_DEPLOYMENT_TARGET = 10.10;
				MTL_ENABLE_DEBUG_INFO = NO;
				SDKROOT = macosx;
				SWIFT_OPTIMIZATION_LEVEL = "-Owholemodule";
			};
			name = Release;
		};
		00546D6D1A33981000A043A7 /* Debug */ = {
			isa = XCBuildConfiguration;
			buildSettings = {
				PRODUCT_NAME = "$(TARGET_NAME)";
			};
			name = Debug;
		};
		00546D6E1A33981000A043A7 /* Release */ = {
			isa = XCBuildConfiguration;
			buildSettings = {
				PRODUCT_NAME = "$(TARGET_NAME)";
			};
			name = Release;
		};
/* End XCBuildConfiguration section */

/* Begin XCConfigurationList section */
		003DB88B1DCD30A600B51FCC /* Build configuration list for PBXNativeTarget "UnitTests" */ = {
			isa = XCConfigurationList;
			buildConfigurations = (
				003DB8891DCD30A600B51FCC /* Debug */,
				003DB88A1DCD30A600B51FCC /* Release */,
			);
			defaultConfigurationIsVisible = 0;
			defaultConfigurationName = Release;
		};
		00546D601A33981000A043A7 /* Build configuration list for PBXProject "Algorithmia" */ = {
			isa = XCConfigurationList;
			buildConfigurations = (
				00546D6A1A33981000A043A7 /* Debug */,
				00546D6B1A33981000A043A7 /* Release */,
			);
			defaultConfigurationIsVisible = 0;
			defaultConfigurationName = Release;
		};
		00546D6C1A33981000A043A7 /* Build configuration list for PBXNativeTarget "Algorithmia" */ = {
			isa = XCConfigurationList;
			buildConfigurations = (
				00546D6D1A33981000A043A7 /* Debug */,
				00546D6E1A33981000A043A7 /* Release */,
			);
			defaultConfigurationIsVisible = 0;
			defaultConfigurationName = Release;
		};
/* End XCConfigurationList section */
	};
	rootObject = 00546D5D1A33981000A043A7 /* Project object */;
}
